
Microsoft Visual Studio Solution File, Format Version 12.00
# Visual Studio Version 17
VisualStudioVersion = 17.1.32228.430
MinimumVisualStudioVersion = 10.0.40219.1
Project("{8BC9CEB8-8B4A-11D0-8D11-00A0C91BC942}") = "q01", "q01\q01.vcxproj", "{6EA5127D-1FEB-443D-8464-A25356B7752B}"
EndProject
Project("{8BC9CEB8-8B4A-11D0-8D11-00A0C91BC942}") = "q02", "q02\q02.vcxproj", "{55A6B980-8BFD-4161-8EAD-095EEC4662EF}"
EndProject
Project("{8BC9CEB8-8B4A-11D0-8D11-00A0C91BC942}") = "q03", "q03\q03.vcxproj", "{F9D54907-CE13-4117-8425-938C49006A3A}"
EndProject
Project("{8BC9CEB8-8B4A-11D0-8D11-00A0C91BC942}") = "q04", "q04\q04.vcxproj", "{2004EDD1-E5EA-4774-866F-F8D2488EC926}"
EndProject
Project("{8BC9CEB8-8B4A-11D0-8D11-00A0C91BC942}") = "q05", "q05\q05.vcxproj", "{E289CEE2-729B-40CD-AA3A-9D82FEC7982B}"
EndProject
Project("{8BC9CEB8-8B4A-11D0-8D11-00A0C91BC942}") = "q06", "q06\q06.vcxproj", "{934C49BC-92E5-4298-9E97-3625A1EE00B8}"
EndProject
Project("{8BC9CEB8-8B4A-11D0-8D11-00A0C91BC942}") = "q07", "q07\q07.vcxproj", "{45D4513A-008B-4744-9D27-A5939ABE3C3F}"
EndProject
Project("{8BC9CEB8-8B4A-11D0-8D11-00A0C91BC942}") = "q08", "q08\q08.vcxproj", "{E1F1824C-0B62-4C95-885A-CEDFC72C091F}"
EndProject
Project("{8BC9CEB8-8B4A-11D0-8D11-00A0C91BC942}") = "q09", "q09\q09.vcxproj", "{0A6F09B4-0F5B-4004-BE0D-C45E9CBBA59E}"
EndProject
Project("{8BC9CEB8-8B4A-11D0-8D11-00A0C91BC942}") = "q10", "q10\q10.vcxproj", "{9D505E56-68C7-4952-95F7-233936AA0F21}"
EndProject
Project("{8BC9CEB8-8B4A-11D0-8D11-00A0C91BC942}") = "q11", "q11\q11.vcxproj", "{0EC2AE86-822C-4533-982D-9F2470C86099}"
EndProject
Project("{8BC9CEB8-8B4A-11D0-8D11-00A0C91BC942}") = "q12", "q12\q12.vcxproj", "{C7ECCA61-A8D0-4DF1-AE91-375E4AD9EDDC}"
EndProject
Project("{8BC9CEB8-8B4A-11D0-8D11-00A0C91BC942}") = "q13", "q13\q13.vcxproj", "{C346BC9E-BA45-4BD2-B329-064FF779F1A4}"
EndProject
Project("{8BC9CEB8-8B4A-11D0-8D11-00A0C91BC942}") = "q14", "q14\q14.vcxproj", "{9FA2B35E-AB77-49C6-9347-D22F0D8A1632}"
EndProject
Project("{8BC9CEB8-8B4A-11D0-8D11-00A0C91BC942}") = "OpenChallenge", "OpenChallenge\OpenChallenge.vcxproj", "{26CD211C-99E6-4765-B809-1523201129D6}"
EndProject
Global
	GlobalSection(SolutionConfigurationPlatforms) = preSolution
		Debug|x64 = Debug|x64
		Debug|x86 = Debug|x86
		Release|x64 = Release|x64
		Release|x86 = Release|x86
	EndGlobalSection
	GlobalSection(ProjectConfigurationPlatforms) = postSolution
		{6EA5127D-1FEB-443D-8464-A25356B7752B}.Debug|x64.ActiveCfg = Debug|x64
		{6EA5127D-1FEB-443D-8464-A25356B7752B}.Debug|x64.Build.0 = Debug|x64
		{6EA5127D-1FEB-443D-8464-A25356B7752B}.Debug|x86.ActiveCfg = Debug|Win32
		{6EA5127D-1FEB-443D-8464-A25356B7752B}.Debug|x86.Build.0 = Debug|Win32
		{6EA5127D-1FEB-443D-8464-A25356B7752B}.Release|x64.ActiveCfg = Release|x64
		{6EA5127D-1FEB-443D-8464-A25356B7752B}.Release|x64.Build.0 = Release|x64
		{6EA5127D-1FEB-443D-8464-A25356B7752B}.Release|x86.ActiveCfg = Release|Win32
		{6EA5127D-1FEB-443D-8464-A25356B7752B}.Release|x86.Build.0 = Release|Win32
		{55A6B980-8BFD-4161-8EAD-095EEC4662EF}.Debug|x64.ActiveCfg = Debug|x64
		{55A6B980-8BFD-4161-8EAD-095EEC4662EF}.Debug|x64.Build.0 = Debug|x64
		{55A6B980-8BFD-4161-8EAD-095EEC4662EF}.Debug|x86.ActiveCfg = Debug|Win32
		{55A6B980-8BFD-4161-8EAD-095EEC4662EF}.Debug|x86.Build.0 = Debug|Win32
		{55A6B980-8BFD-4161-8EAD-095EEC4662EF}.Release|x64.ActiveCfg = Release|x64
		{55A6B980-8BFD-4161-8EAD-095EEC4662EF}.Release|x64.Build.0 = Release|x64
		{55A6B980-8BFD-4161-8EAD-095EEC4662EF}.Release|x86.ActiveCfg = Release|Win32
		{55A6B980-8BFD-4161-8EAD-095EEC4662EF}.Release|x86.Build.0 = Release|Win32
		{F9D54907-CE13-4117-8425-938C49006A3A}.Debug|x64.ActiveCfg = Debug|x64
		{F9D54907-CE13-4117-8425-938C49006A3A}.Debug|x64.Build.0 = Debug|x64
		{F9D54907-CE13-4117-8425-938C49006A3A}.Debug|x86.ActiveCfg = Debug|Win32
		{F9D54907-CE13-4117-8425-938C49006A3A}.Debug|x86.Build.0 = Debug|Win32
		{F9D54907-CE13-4117-8425-938C49006A3A}.Release|x64.ActiveCfg = Release|x64
		{F9D54907-CE13-4117-8425-938C49006A3A}.Release|x64.Build.0 = Release|x64
		{F9D54907-CE13-4117-8425-938C49006A3A}.Release|x86.ActiveCfg = Release|Win32
		{F9D54907-CE13-4117-8425-938C49006A3A}.Release|x86.Build.0 = Release|Win32
		{2004EDD1-E5EA-4774-866F-F8D2488EC926}.Debug|x64.ActiveCfg = Debug|x64
		{2004EDD1-E5EA-4774-866F-F8D2488EC926}.Debug|x64.Build.0 = Debug|x64
		{2004EDD1-E5EA-4774-866F-F8D2488EC926}.Debug|x86.ActiveCfg = Debug|Win32
		{2004EDD1-E5EA-4774-866F-F8D2488EC926}.Debug|x86.Build.0 = Debug|Win32
		{2004EDD1-E5EA-4774-866F-F8D2488EC926}.Release|x64.ActiveCfg = Release|x64
		{2004EDD1-E5EA-4774-866F-F8D2488EC926}.Release|x64.Build.0 = Release|x64
		{2004EDD1-E5EA-4774-866F-F8D2488EC926}.Release|x86.ActiveCfg = Release|Win32
		{2004EDD1-E5EA-4774-866F-F8D2488EC926}.Release|x86.Build.0 = Release|Win32
		{E289CEE2-729B-40CD-AA3A-9D82FEC7982B}.Debug|x64.ActiveCfg = Debug|x64
		{E289CEE2-729B-40CD-AA3A-9D82FEC7982B}.Debug|x64.Build.0 = Debug|x64
		{E289CEE2-729B-40CD-AA3A-9D82FEC7982B}.Debug|x86.ActiveCfg = Debug|Win32
		{E289CEE2-729B-40CD-AA3A-9D82FEC7982B}.Debug|x86.Build.0 = Debug|Win32
		{E289CEE2-729B-40CD-AA3A-9D82FEC7982B}.Release|x64.ActiveCfg = Release|x64
		{E289CEE2-729B-40CD-AA3A-9D82FEC7982B}.Release|x64.Build.0 = Release|x64
		{E289CEE2-729B-40CD-AA3A-9D82FEC7982B}.Release|x86.ActiveCfg = Release|Win32
		{E289CEE2-729B-40CD-AA3A-9D82FEC7982B}.Release|x86.Build.0 = Release|Win32
		{934C49BC-92E5-4298-9E97-3625A1EE00B8}.Debug|x64.ActiveCfg = Debug|x64
		{934C49BC-92E5-4298-9E97-3625A1EE00B8}.Debug|x64.Build.0 = Debug|x64
		{934C49BC-92E5-4298-9E97-3625A1EE00B8}.Debug|x86.ActiveCfg = Debug|Win32
		{934C49BC-92E5-4298-9E97-3625A1EE00B8}.Debug|x86.Build.0 = Debug|Win32
		{934C49BC-92E5-4298-9E97-3625A1EE00B8}.Release|x64.ActiveCfg = Release|x64
		{934C49BC-92E5-4298-9E97-3625A1EE00B8}.Release|x64.Build.0 = Release|x64
		{934C49BC-92E5-4298-9E97-3625A1EE00B8}.Release|x86.ActiveCfg = Release|Win32
		{934C49BC-92E5-4298-9E97-3625A1EE00B8}.Release|x86.Build.0 = Release|Win32
		{45D4513A-008B-4744-9D27-A5939ABE3C3F}.Debug|x64.ActiveCfg = Debug|x64
		{45D4513A-008B-4744-9D27-A5939ABE3C3F}.Debug|x64.Build.0 = Debug|x64
		{45D4513A-008B-4744-9D27-A5939ABE3C3F}.Debug|x86.ActiveCfg = Debug|Win32
		{45D4513A-008B-4744-9D27-A5939ABE3C3F}.Debug|x86.Build.0 = Debug|Win32
		{45D4513A-008B-4744-9D27-A5939ABE3C3F}.Release|x64.ActiveCfg = Release|x64
		{45D4513A-008B-4744-9D27-A5939ABE3C3F}.Release|x64.Build.0 = Release|x64
		{45D4513A-008B-4744-9D27-A5939ABE3C3F}.Release|x86.ActiveCfg = Release|Win32
		{45D4513A-008B-4744-9D27-A5939ABE3C3F}.Release|x86.Build.0 = Release|Win32
		{E1F1824C-0B62-4C95-885A-CEDFC72C091F}.Debug|x64.ActiveCfg = Debug|x64
		{E1F1824C-0B62-4C95-885A-CEDFC72C091F}.Debug|x64.Build.0 = Debug|x64
		{E1F1824C-0B62-4C95-885A-CEDFC72C091F}.Debug|x86.ActiveCfg = Debug|Win32
		{E1F1824C-0B62-4C95-885A-CEDFC72C091F}.Debug|x86.Build.0 = Debug|Win32
		{E1F1824C-0B62-4C95-885A-CEDFC72C091F}.Release|x64.ActiveCfg = Release|x64
		{E1F1824C-0B62-4C95-885A-CEDFC72C091F}.Release|x64.Build.0 = Release|x64
		{E1F1824C-0B62-4C95-885A-CEDFC72C091F}.Release|x86.ActiveCfg = Release|Win32
		{E1F1824C-0B62-4C95-885A-CEDFC72C091F}.Release|x86.Build.0 = Release|Win32
		{0A6F09B4-0F5B-4004-BE0D-C45E9CBBA59E}.Debug|x64.ActiveCfg = Debug|x64
		{0A6F09B4-0F5B-4004-BE0D-C45E9CBBA59E}.Debug|x64.Build.0 = Debug|x64
		{0A6F09B4-0F5B-4004-BE0D-C45E9CBBA59E}.Debug|x86.ActiveCfg = Debug|Win32
		{0A6F09B4-0F5B-4004-BE0D-C45E9CBBA59E}.Debug|x86.Build.0 = Debug|Win32
		{0A6F09B4-0F5B-4004-BE0D-C45E9CBBA59E}.Release|x64.ActiveCfg = Release|x64
		{0A6F09B4-0F5B-4004-BE0D-C45E9CBBA59E}.Release|x64.Build.0 = Release|x64
		{0A6F09B4-0F5B-4004-BE0D-C45E9CBBA59E}.Release|x86.ActiveCfg = Release|Win32
		{0A6F09B4-0F5B-4004-BE0D-C45E9CBBA59E}.Release|x86.Build.0 = Release|Win32
		{9D505E56-68C7-4952-95F7-233936AA0F21}.Debug|x64.ActiveCfg = Debug|x64
		{9D505E56-68C7-4952-95F7-233936AA0F21}.Debug|x64.Build.0 = Debug|x64
		{9D505E56-68C7-4952-95F7-233936AA0F21}.Debug|x86.ActiveCfg = Debug|Win32
		{9D505E56-68C7-4952-95F7-233936AA0F21}.Debug|x86.Build.0 = Debug|Win32
		{9D505E56-68C7-4952-95F7-233936AA0F21}.Release|x64.ActiveCfg = Release|x64
		{9D505E56-68C7-4952-95F7-233936AA0F21}.Release|x64.Build.0 = Release|x64
		{9D505E56-68C7-4952-95F7-233936AA0F21}.Release|x86.ActiveCfg = Release|Win32
		{9D505E56-68C7-4952-95F7-233936AA0F21}.Release|x86.Build.0 = Release|Win32
		{0EC2AE86-822C-4533-982D-9F2470C86099}.Debug|x64.ActiveCfg = Debug|x64
		{0EC2AE86-822C-4533-982D-9F2470C86099}.Debug|x64.Build.0 = Debug|x64
		{0EC2AE86-822C-4533-982D-9F2470C86099}.Debug|x86.ActiveCfg = Debug|Win32
		{0EC2AE86-822C-4533-982D-9F2470C86099}.Debug|x86.Build.0 = Debug|Win32
		{0EC2AE86-822C-4533-982D-9F2470C86099}.Release|x64.ActiveCfg = Release|x64
		{0EC2AE86-822C-4533-982D-9F2470C86099}.Release|x64.Build.0 = Release|x64
		{0EC2AE86-822C-4533-982D-9F2470C86099}.Release|x86.ActiveCfg = Release|Win32
		{0EC2AE86-822C-4533-982D-9F2470C86099}.Release|x86.Build.0 = Release|Win32
		{C7ECCA61-A8D0-4DF1-AE91-375E4AD9EDDC}.Debug|x64.ActiveCfg = Debug|x64
		{C7ECCA61-A8D0-4DF1-AE91-375E4AD9EDDC}.Debug|x64.Build.0 = Debug|x64
		{C7ECCA61-A8D0-4DF1-AE91-375E4AD9EDDC}.Debug|x86.ActiveCfg = Debug|Win32
		{C7ECCA61-A8D0-4DF1-AE91-375E4AD9EDDC}.Debug|x86.Build.0 = Debug|Win32
		{C7ECCA61-A8D0-4DF1-AE91-375E4AD9EDDC}.Release|x64.ActiveCfg = Release|x64
		{C7ECCA61-A8D0-4DF1-AE91-375E4AD9EDDC}.Release|x64.Build.0 = Release|x64
		{C7ECCA61-A8D0-4DF1-AE91-375E4AD9EDDC}.Release|x86.ActiveCfg = Release|Win32
		{C7ECCA61-A8D0-4DF1-AE91-375E4AD9EDDC}.Release|x86.Build.0 = Release|Win32
		{C346BC9E-BA45-4BD2-B329-064FF779F1A4}.Debug|x64.ActiveCfg = Debug|x64
		{C346BC9E-BA45-4BD2-B329-064FF779F1A4}.Debug|x64.Build.0 = Debug|x64
		{C346BC9E-BA45-4BD2-B329-064FF779F1A4}.Debug|x86.ActiveCfg = Debug|Win32
		{C346BC9E-BA45-4BD2-B329-064FF779F1A4}.Debug|x86.Build.0 = Debug|Win32
		{C346BC9E-BA45-4BD2-B329-064FF779F1A4}.Release|x64.ActiveCfg = Release|x64
		{C346BC9E-BA45-4BD2-B329-064FF779F1A4}.Release|x64.Build.0 = Release|x64
		{C346BC9E-BA45-4BD2-B329-064FF779F1A4}.Release|x86.ActiveCfg = Release|Win32
		{C346BC9E-BA45-4BD2-B329-064FF779F1A4}.Release|x86.Build.0 = Release|Win32
		{9FA2B35E-AB77-49C6-9347-D22F0D8A1632}.Debug|x64.ActiveCfg = Debug|x64
		{9FA2B35E-AB77-49C6-9347-D22F0D8A1632}.Debug|x64.Build.0 = Debug|x64
		{9FA2B35E-AB77-49C6-9347-D22F0D8A1632}.Debug|x86.ActiveCfg = Debug|Win32
		{9FA2B35E-AB77-49C6-9347-D22F0D8A1632}.Debug|x86.Build.0 = Debug|Win32
		{9FA2B35E-AB77-49C6-9347-D22F0D8A1632}.Release|x64.ActiveCfg = Release|x64
		{9FA2B35E-AB77-49C6-9347-D22F0D8A1632}.Release|x64.Build.0 = Release|x64
		{9FA2B35E-AB77-49C6-9347-D22F0D8A1632}.Release|x86.ActiveCfg = Release|Win32
		{9FA2B35E-AB77-49C6-9347-D22F0D8A1632}.Release|x86.Build.0 = Release|Win32
		{26CD211C-99E6-4765-B809-1523201129D6}.Debug|x64.ActiveCfg = Debug|x64
		{26CD211C-99E6-4765-B809-1523201129D6}.Debug|x64.Build.0 = Debug|x64
		{26CD211C-99E6-4765-B809-1523201129D6}.Debug|x86.ActiveCfg = Debug|Win32
		{26CD211C-99E6-4765-B809-1523201129D6}.Debug|x86.Build.0 = Debug|Win32
		{26CD211C-99E6-4765-B809-1523201129D6}.Release|x64.ActiveCfg = Release|x64
		{26CD211C-99E6-4765-B809-1523201129D6}.Release|x64.Build.0 = Release|x64
		{26CD211C-99E6-4765-B809-1523201129D6}.Release|x86.ActiveCfg = Release|Win32
		{26CD211C-99E6-4765-B809-1523201129D6}.Release|x86.Build.0 = Release|Win32
	EndGlobalSection
	GlobalSection(SolutionProperties) = preSolution
		HideSolutionNode = FALSE
	EndGlobalSection
	GlobalSection(ExtensibilityGlobals) = postSolution
		SolutionGuid = {B48B97BF-8C4E-40A7-8033-8948D9DC7071}
	EndGlobalSection
EndGlobal
