
Microsoft Visual Studio Solution File, Format Version 12.00
# Visual Studio Version 17
VisualStudioVersion = 17.4.33103.184
MinimumVisualStudioVersion = 10.0.40219.1
Project("{8BC9CEB8-8B4A-11D0-8D11-00A0C91BC942}") = "q01", "q01\q01.vcxproj", "{94FF26F6-E899-4D71-B588-682C61EFE161}"
EndProject
Project("{8BC9CEB8-8B4A-11D0-8D11-00A0C91BC942}") = "q02", "q02\q02.vcxproj", "{02526BC5-F673-4AB7-8EE2-63712FB4FEFA}"
EndProject
Project("{8BC9CEB8-8B4A-11D0-8D11-00A0C91BC942}") = "q03", "q03\q03.vcxproj", "{749D32B0-148E-44DD-922E-B42924876FEE}"
EndProject
Project("{8BC9CEB8-8B4A-11D0-8D11-00A0C91BC942}") = "q04", "q04\q04.vcxproj", "{6119A684-DDB2-4890-AF2D-51B1DA06E182}"
EndProject
Project("{8BC9CEB8-8B4A-11D0-8D11-00A0C91BC942}") = "q05", "q05\q05.vcxproj", "{67274145-1D5A-45D0-8CB2-C8C9536B1AEE}"
EndProject
Project("{8BC9CEB8-8B4A-11D0-8D11-00A0C91BC942}") = "q06", "q06\q06.vcxproj", "{5B7ABB3F-9DEB-454D-8D82-40741817A826}"
EndProject
Project("{8BC9CEB8-8B4A-11D0-8D11-00A0C91BC942}") = "q07", "q07\q07.vcxproj", "{FED77687-804A-4B1A-8AB4-2E5F5FBDDCCC}"
EndProject
Project("{8BC9CEB8-8B4A-11D0-8D11-00A0C91BC942}") = "q08", "q08\q08.vcxproj", "{70636961-B441-41FC-988E-E9FAF31817D2}"
EndProject
Project("{8BC9CEB8-8B4A-11D0-8D11-00A0C91BC942}") = "q09", "q09\q09.vcxproj", "{327BBF9D-5F53-43AD-85CB-50A4D09EC4A6}"
EndProject
Project("{8BC9CEB8-8B4A-11D0-8D11-00A0C91BC942}") = "q10", "q10\q10.vcxproj", "{319F61DF-F231-4B65-8AEA-B798F0E1ABF5}"
EndProject
Project("{8BC9CEB8-8B4A-11D0-8D11-00A0C91BC942}") = "q11", "q11\q11.vcxproj", "{7BC342A2-F267-4A00-BAB6-AD468435FDD7}"
EndProject
Project("{8BC9CEB8-8B4A-11D0-8D11-00A0C91BC942}") = "q12", "q12\q12.vcxproj", "{59A065F1-706C-457A-9F98-3B92A85CC992}"
EndProject
Project("{8BC9CEB8-8B4A-11D0-8D11-00A0C91BC942}") = "q13", "q13\q13.vcxproj", "{CBD9224C-2117-4CBF-8156-22AD56BBA07D}"
EndProject
Project("{8BC9CEB8-8B4A-11D0-8D11-00A0C91BC942}") = "q14", "q14\q14.vcxproj", "{5A1DB4D0-1A06-462C-845B-06484A8CD21D}"
EndProject
Project("{8BC9CEB8-8B4A-11D0-8D11-00A0C91BC942}") = "q15", "q15\q15.vcxproj", "{0E9F7329-7522-48EE-94D0-1CCEF59BDBC0}"
EndProject
Project("{8BC9CEB8-8B4A-11D0-8D11-00A0C91BC942}") = "q16", "q16\q16.vcxproj", "{139B487C-2682-47D8-B481-7D95A9E39F80}"
EndProject
Global
	GlobalSection(SolutionConfigurationPlatforms) = preSolution
		Debug|x64 = Debug|x64
		Debug|x86 = Debug|x86
		Release|x64 = Release|x64
		Release|x86 = Release|x86
	EndGlobalSection
	GlobalSection(ProjectConfigurationPlatforms) = postSolution
		{94FF26F6-E899-4D71-B588-682C61EFE161}.Debug|x64.ActiveCfg = Debug|x64
		{94FF26F6-E899-4D71-B588-682C61EFE161}.Debug|x64.Build.0 = Debug|x64
		{94FF26F6-E899-4D71-B588-682C61EFE161}.Debug|x86.ActiveCfg = Debug|Win32
		{94FF26F6-E899-4D71-B588-682C61EFE161}.Debug|x86.Build.0 = Debug|Win32
		{94FF26F6-E899-4D71-B588-682C61EFE161}.Release|x64.ActiveCfg = Release|x64
		{94FF26F6-E899-4D71-B588-682C61EFE161}.Release|x64.Build.0 = Release|x64
		{94FF26F6-E899-4D71-B588-682C61EFE161}.Release|x86.ActiveCfg = Release|Win32
		{94FF26F6-E899-4D71-B588-682C61EFE161}.Release|x86.Build.0 = Release|Win32
		{02526BC5-F673-4AB7-8EE2-63712FB4FEFA}.Debug|x64.ActiveCfg = Debug|x64
		{02526BC5-F673-4AB7-8EE2-63712FB4FEFA}.Debug|x64.Build.0 = Debug|x64
		{02526BC5-F673-4AB7-8EE2-63712FB4FEFA}.Debug|x86.ActiveCfg = Debug|Win32
		{02526BC5-F673-4AB7-8EE2-63712FB4FEFA}.Debug|x86.Build.0 = Debug|Win32
		{02526BC5-F673-4AB7-8EE2-63712FB4FEFA}.Release|x64.ActiveCfg = Release|x64
		{02526BC5-F673-4AB7-8EE2-63712FB4FEFA}.Release|x64.Build.0 = Release|x64
		{02526BC5-F673-4AB7-8EE2-63712FB4FEFA}.Release|x86.ActiveCfg = Release|Win32
		{02526BC5-F673-4AB7-8EE2-63712FB4FEFA}.Release|x86.Build.0 = Release|Win32
		{749D32B0-148E-44DD-922E-B42924876FEE}.Debug|x64.ActiveCfg = Debug|x64
		{749D32B0-148E-44DD-922E-B42924876FEE}.Debug|x64.Build.0 = Debug|x64
		{749D32B0-148E-44DD-922E-B42924876FEE}.Debug|x86.ActiveCfg = Debug|Win32
		{749D32B0-148E-44DD-922E-B42924876FEE}.Debug|x86.Build.0 = Debug|Win32
		{749D32B0-148E-44DD-922E-B42924876FEE}.Release|x64.ActiveCfg = Release|x64
		{749D32B0-148E-44DD-922E-B42924876FEE}.Release|x64.Build.0 = Release|x64
		{749D32B0-148E-44DD-922E-B42924876FEE}.Release|x86.ActiveCfg = Release|Win32
		{749D32B0-148E-44DD-922E-B42924876FEE}.Release|x86.Build.0 = Release|Win32
		{6119A684-DDB2-4890-AF2D-51B1DA06E182}.Debug|x64.ActiveCfg = Debug|x64
		{6119A684-DDB2-4890-AF2D-51B1DA06E182}.Debug|x64.Build.0 = Debug|x64
		{6119A684-DDB2-4890-AF2D-51B1DA06E182}.Debug|x86.ActiveCfg = Debug|Win32
		{6119A684-DDB2-4890-AF2D-51B1DA06E182}.Debug|x86.Build.0 = Debug|Win32
		{6119A684-DDB2-4890-AF2D-51B1DA06E182}.Release|x64.ActiveCfg = Release|x64
		{6119A684-DDB2-4890-AF2D-51B1DA06E182}.Release|x64.Build.0 = Release|x64
		{6119A684-DDB2-4890-AF2D-51B1DA06E182}.Release|x86.ActiveCfg = Release|Win32
		{6119A684-DDB2-4890-AF2D-51B1DA06E182}.Release|x86.Build.0 = Release|Win32
		{67274145-1D5A-45D0-8CB2-C8C9536B1AEE}.Debug|x64.ActiveCfg = Debug|x64
		{67274145-1D5A-45D0-8CB2-C8C9536B1AEE}.Debug|x64.Build.0 = Debug|x64
		{67274145-1D5A-45D0-8CB2-C8C9536B1AEE}.Debug|x86.ActiveCfg = Debug|Win32
		{67274145-1D5A-45D0-8CB2-C8C9536B1AEE}.Debug|x86.Build.0 = Debug|Win32
		{67274145-1D5A-45D0-8CB2-C8C9536B1AEE}.Release|x64.ActiveCfg = Release|x64
		{67274145-1D5A-45D0-8CB2-C8C9536B1AEE}.Release|x64.Build.0 = Release|x64
		{67274145-1D5A-45D0-8CB2-C8C9536B1AEE}.Release|x86.ActiveCfg = Release|Win32
		{67274145-1D5A-45D0-8CB2-C8C9536B1AEE}.Release|x86.Build.0 = Release|Win32
		{5B7ABB3F-9DEB-454D-8D82-40741817A826}.Debug|x64.ActiveCfg = Debug|x64
		{5B7ABB3F-9DEB-454D-8D82-40741817A826}.Debug|x64.Build.0 = Debug|x64
		{5B7ABB3F-9DEB-454D-8D82-40741817A826}.Debug|x86.ActiveCfg = Debug|Win32
		{5B7ABB3F-9DEB-454D-8D82-40741817A826}.Debug|x86.Build.0 = Debug|Win32
		{5B7ABB3F-9DEB-454D-8D82-40741817A826}.Release|x64.ActiveCfg = Release|x64
		{5B7ABB3F-9DEB-454D-8D82-40741817A826}.Release|x64.Build.0 = Release|x64
		{5B7ABB3F-9DEB-454D-8D82-40741817A826}.Release|x86.ActiveCfg = Release|Win32
		{5B7ABB3F-9DEB-454D-8D82-40741817A826}.Release|x86.Build.0 = Release|Win32
		{FED77687-804A-4B1A-8AB4-2E5F5FBDDCCC}.Debug|x64.ActiveCfg = Debug|x64
		{FED77687-804A-4B1A-8AB4-2E5F5FBDDCCC}.Debug|x64.Build.0 = Debug|x64
		{FED77687-804A-4B1A-8AB4-2E5F5FBDDCCC}.Debug|x86.ActiveCfg = Debug|Win32
		{FED77687-804A-4B1A-8AB4-2E5F5FBDDCCC}.Debug|x86.Build.0 = Debug|Win32
		{FED77687-804A-4B1A-8AB4-2E5F5FBDDCCC}.Release|x64.ActiveCfg = Release|x64
		{FED77687-804A-4B1A-8AB4-2E5F5FBDDCCC}.Release|x64.Build.0 = Release|x64
		{FED77687-804A-4B1A-8AB4-2E5F5FBDDCCC}.Release|x86.ActiveCfg = Release|Win32
		{FED77687-804A-4B1A-8AB4-2E5F5FBDDCCC}.Release|x86.Build.0 = Release|Win32
		{70636961-B441-41FC-988E-E9FAF31817D2}.Debug|x64.ActiveCfg = Debug|x64
		{70636961-B441-41FC-988E-E9FAF31817D2}.Debug|x64.Build.0 = Debug|x64
		{70636961-B441-41FC-988E-E9FAF31817D2}.Debug|x86.ActiveCfg = Debug|Win32
		{70636961-B441-41FC-988E-E9FAF31817D2}.Debug|x86.Build.0 = Debug|Win32
		{70636961-B441-41FC-988E-E9FAF31817D2}.Release|x64.ActiveCfg = Release|x64
		{70636961-B441-41FC-988E-E9FAF31817D2}.Release|x64.Build.0 = Release|x64
		{70636961-B441-41FC-988E-E9FAF31817D2}.Release|x86.ActiveCfg = Release|Win32
		{70636961-B441-41FC-988E-E9FAF31817D2}.Release|x86.Build.0 = Release|Win32
		{327BBF9D-5F53-43AD-85CB-50A4D09EC4A6}.Debug|x64.ActiveCfg = Debug|x64
		{327BBF9D-5F53-43AD-85CB-50A4D09EC4A6}.Debug|x64.Build.0 = Debug|x64
		{327BBF9D-5F53-43AD-85CB-50A4D09EC4A6}.Debug|x86.ActiveCfg = Debug|Win32
		{327BBF9D-5F53-43AD-85CB-50A4D09EC4A6}.Debug|x86.Build.0 = Debug|Win32
		{327BBF9D-5F53-43AD-85CB-50A4D09EC4A6}.Release|x64.ActiveCfg = Release|x64
		{327BBF9D-5F53-43AD-85CB-50A4D09EC4A6}.Release|x64.Build.0 = Release|x64
		{327BBF9D-5F53-43AD-85CB-50A4D09EC4A6}.Release|x86.ActiveCfg = Release|Win32
		{327BBF9D-5F53-43AD-85CB-50A4D09EC4A6}.Release|x86.Build.0 = Release|Win32
		{319F61DF-F231-4B65-8AEA-B798F0E1ABF5}.Debug|x64.ActiveCfg = Debug|x64
		{319F61DF-F231-4B65-8AEA-B798F0E1ABF5}.Debug|x64.Build.0 = Debug|x64
		{319F61DF-F231-4B65-8AEA-B798F0E1ABF5}.Debug|x86.ActiveCfg = Debug|Win32
		{319F61DF-F231-4B65-8AEA-B798F0E1ABF5}.Debug|x86.Build.0 = Debug|Win32
		{319F61DF-F231-4B65-8AEA-B798F0E1ABF5}.Release|x64.ActiveCfg = Release|x64
		{319F61DF-F231-4B65-8AEA-B798F0E1ABF5}.Release|x64.Build.0 = Release|x64
		{319F61DF-F231-4B65-8AEA-B798F0E1ABF5}.Release|x86.ActiveCfg = Release|Win32
		{319F61DF-F231-4B65-8AEA-B798F0E1ABF5}.Release|x86.Build.0 = Release|Win32
		{7BC342A2-F267-4A00-BAB6-AD468435FDD7}.Debug|x64.ActiveCfg = Debug|x64
		{7BC342A2-F267-4A00-BAB6-AD468435FDD7}.Debug|x64.Build.0 = Debug|x64
		{7BC342A2-F267-4A00-BAB6-AD468435FDD7}.Debug|x86.ActiveCfg = Debug|Win32
		{7BC342A2-F267-4A00-BAB6-AD468435FDD7}.Debug|x86.Build.0 = Debug|Win32
		{7BC342A2-F267-4A00-BAB6-AD468435FDD7}.Release|x64.ActiveCfg = Release|x64
		{7BC342A2-F267-4A00-BAB6-AD468435FDD7}.Release|x64.Build.0 = Release|x64
		{7BC342A2-F267-4A00-BAB6-AD468435FDD7}.Release|x86.ActiveCfg = Release|Win32
		{7BC342A2-F267-4A00-BAB6-AD468435FDD7}.Release|x86.Build.0 = Release|Win32
		{59A065F1-706C-457A-9F98-3B92A85CC992}.Debug|x64.ActiveCfg = Debug|x64
		{59A065F1-706C-457A-9F98-3B92A85CC992}.Debug|x64.Build.0 = Debug|x64
		{59A065F1-706C-457A-9F98-3B92A85CC992}.Debug|x86.ActiveCfg = Debug|Win32
		{59A065F1-706C-457A-9F98-3B92A85CC992}.Debug|x86.Build.0 = Debug|Win32
		{59A065F1-706C-457A-9F98-3B92A85CC992}.Release|x64.ActiveCfg = Release|x64
		{59A065F1-706C-457A-9F98-3B92A85CC992}.Release|x64.Build.0 = Release|x64
		{59A065F1-706C-457A-9F98-3B92A85CC992}.Release|x86.ActiveCfg = Release|Win32
		{59A065F1-706C-457A-9F98-3B92A85CC992}.Release|x86.Build.0 = Release|Win32
		{CBD9224C-2117-4CBF-8156-22AD56BBA07D}.Debug|x64.ActiveCfg = Debug|x64
		{CBD9224C-2117-4CBF-8156-22AD56BBA07D}.Debug|x64.Build.0 = Debug|x64
		{CBD9224C-2117-4CBF-8156-22AD56BBA07D}.Debug|x86.ActiveCfg = Debug|Win32
		{CBD9224C-2117-4CBF-8156-22AD56BBA07D}.Debug|x86.Build.0 = Debug|Win32
		{CBD9224C-2117-4CBF-8156-22AD56BBA07D}.Release|x64.ActiveCfg = Release|x64
		{CBD9224C-2117-4CBF-8156-22AD56BBA07D}.Release|x64.Build.0 = Release|x64
		{CBD9224C-2117-4CBF-8156-22AD56BBA07D}.Release|x86.ActiveCfg = Release|Win32
		{CBD9224C-2117-4CBF-8156-22AD56BBA07D}.Release|x86.Build.0 = Release|Win32
		{5A1DB4D0-1A06-462C-845B-06484A8CD21D}.Debug|x64.ActiveCfg = Debug|x64
		{5A1DB4D0-1A06-462C-845B-06484A8CD21D}.Debug|x64.Build.0 = Debug|x64
		{5A1DB4D0-1A06-462C-845B-06484A8CD21D}.Debug|x86.ActiveCfg = Debug|Win32
		{5A1DB4D0-1A06-462C-845B-06484A8CD21D}.Debug|x86.Build.0 = Debug|Win32
		{5A1DB4D0-1A06-462C-845B-06484A8CD21D}.Release|x64.ActiveCfg = Release|x64
		{5A1DB4D0-1A06-462C-845B-06484A8CD21D}.Release|x64.Build.0 = Release|x64
		{5A1DB4D0-1A06-462C-845B-06484A8CD21D}.Release|x86.ActiveCfg = Release|Win32
		{5A1DB4D0-1A06-462C-845B-06484A8CD21D}.Release|x86.Build.0 = Release|Win32
		{0E9F7329-7522-48EE-94D0-1CCEF59BDBC0}.Debug|x64.ActiveCfg = Debug|x64
		{0E9F7329-7522-48EE-94D0-1CCEF59BDBC0}.Debug|x64.Build.0 = Debug|x64
		{0E9F7329-7522-48EE-94D0-1CCEF59BDBC0}.Debug|x86.ActiveCfg = Debug|Win32
		{0E9F7329-7522-48EE-94D0-1CCEF59BDBC0}.Debug|x86.Build.0 = Debug|Win32
		{0E9F7329-7522-48EE-94D0-1CCEF59BDBC0}.Release|x64.ActiveCfg = Release|x64
		{0E9F7329-7522-48EE-94D0-1CCEF59BDBC0}.Release|x64.Build.0 = Release|x64
		{0E9F7329-7522-48EE-94D0-1CCEF59BDBC0}.Release|x86.ActiveCfg = Release|Win32
		{0E9F7329-7522-48EE-94D0-1CCEF59BDBC0}.Release|x86.Build.0 = Release|Win32
		{139B487C-2682-47D8-B481-7D95A9E39F80}.Debug|x64.ActiveCfg = Debug|x64
		{139B487C-2682-47D8-B481-7D95A9E39F80}.Debug|x64.Build.0 = Debug|x64
		{139B487C-2682-47D8-B481-7D95A9E39F80}.Debug|x86.ActiveCfg = Debug|Win32
		{139B487C-2682-47D8-B481-7D95A9E39F80}.Debug|x86.Build.0 = Debug|Win32
		{139B487C-2682-47D8-B481-7D95A9E39F80}.Release|x64.ActiveCfg = Release|x64
		{139B487C-2682-47D8-B481-7D95A9E39F80}.Release|x64.Build.0 = Release|x64
		{139B487C-2682-47D8-B481-7D95A9E39F80}.Release|x86.ActiveCfg = Release|Win32
		{139B487C-2682-47D8-B481-7D95A9E39F80}.Release|x86.Build.0 = Release|Win32
	EndGlobalSection
	GlobalSection(SolutionProperties) = preSolution
		HideSolutionNode = FALSE
	EndGlobalSection
	GlobalSection(ExtensibilityGlobals) = postSolution
		SolutionGuid = {DA8FB860-C9E5-44C8-A4BC-341B7E5FF30C}
	EndGlobalSection
EndGlobal
