
Microsoft Visual Studio Solution File, Format Version 12.00
# Visual Studio Version 17
VisualStudioVersion = 17.1.32228.430
MinimumVisualStudioVersion = 10.0.40219.1
Project("{8BC9CEB8-8B4A-11D0-8D11-00A0C91BC942}") = "OpenChallenge", "OpenChallenge\OpenChallenge.vcxproj", "{F4A6F466-9019-4B9D-837B-2B85B3CE1786}"
EndProject
Project("{8BC9CEB8-8B4A-11D0-8D11-00A0C91BC942}") = "q01", "q01\q01.vcxproj", "{76D7ADF1-3F25-437F-9FDE-A2530958B23E}"
EndProject
Project("{8BC9CEB8-8B4A-11D0-8D11-00A0C91BC942}") = "q02", "q02\q02.vcxproj", "{6F2F47ED-AD5B-477D-AA2A-59A84CFE91F7}"
EndProject
Project("{8BC9CEB8-8B4A-11D0-8D11-00A0C91BC942}") = "q03", "q03\q03.vcxproj", "{54B7FB67-A0E5-4246-81C7-F3057FDAB9F7}"
EndProject
Project("{8BC9CEB8-8B4A-11D0-8D11-00A0C91BC942}") = "q04", "q04\q04.vcxproj", "{17130617-C062-456E-A11D-EBF06847919F}"
EndProject
Project("{8BC9CEB8-8B4A-11D0-8D11-00A0C91BC942}") = "q05", "q05\q05.vcxproj", "{22864E5B-2326-4F71-B3E3-F15CF8803435}"
EndProject
Project("{8BC9CEB8-8B4A-11D0-8D11-00A0C91BC942}") = "q06", "q06\q06.vcxproj", "{96BEDD43-5D4C-4587-BE68-B5D888CC60C3}"
EndProject
Project("{8BC9CEB8-8B4A-11D0-8D11-00A0C91BC942}") = "q07", "q07\q07.vcxproj", "{AA290031-DD59-4B53-95CF-C2702C8C410F}"
EndProject
Project("{8BC9CEB8-8B4A-11D0-8D11-00A0C91BC942}") = "q08", "q08\q08.vcxproj", "{0C5A4C74-2BCB-40D2-B13F-DB862082E4E2}"
EndProject
Project("{8BC9CEB8-8B4A-11D0-8D11-00A0C91BC942}") = "q10-1", "q10-1\q10-1.vcxproj", "{2885E720-BE74-4B1E-8526-73115E195FA1}"
EndProject
Project("{8BC9CEB8-8B4A-11D0-8D11-00A0C91BC942}") = "q10-2", "q10-2\q10-2.vcxproj", "{5A6E2FFA-3C7C-4ACF-9671-D4384BC8F9A4}"
EndProject
Project("{8BC9CEB8-8B4A-11D0-8D11-00A0C91BC942}") = "q09", "q09\q09.vcxproj", "{6D4025A5-BC9B-492C-9451-BFE528931E9F}"
EndProject
Project("{8BC9CEB8-8B4A-11D0-8D11-00A0C91BC942}") = "q11", "q11\q11.vcxproj", "{68B0A0DA-B395-4CCA-9592-2BC7D161E50B}"
EndProject
Project("{8BC9CEB8-8B4A-11D0-8D11-00A0C91BC942}") = "q12", "q12\q12.vcxproj", "{C40910D3-2955-4F98-A38C-2864CC433B3C}"
EndProject
Global
	GlobalSection(SolutionConfigurationPlatforms) = preSolution
		Debug|x64 = Debug|x64
		Debug|x86 = Debug|x86
		Release|x64 = Release|x64
		Release|x86 = Release|x86
	EndGlobalSection
	GlobalSection(ProjectConfigurationPlatforms) = postSolution
		{F4A6F466-9019-4B9D-837B-2B85B3CE1786}.Debug|x64.ActiveCfg = Debug|x64
		{F4A6F466-9019-4B9D-837B-2B85B3CE1786}.Debug|x64.Build.0 = Debug|x64
		{F4A6F466-9019-4B9D-837B-2B85B3CE1786}.Debug|x86.ActiveCfg = Debug|Win32
		{F4A6F466-9019-4B9D-837B-2B85B3CE1786}.Debug|x86.Build.0 = Debug|Win32
		{F4A6F466-9019-4B9D-837B-2B85B3CE1786}.Release|x64.ActiveCfg = Release|x64
		{F4A6F466-9019-4B9D-837B-2B85B3CE1786}.Release|x64.Build.0 = Release|x64
		{F4A6F466-9019-4B9D-837B-2B85B3CE1786}.Release|x86.ActiveCfg = Release|Win32
		{F4A6F466-9019-4B9D-837B-2B85B3CE1786}.Release|x86.Build.0 = Release|Win32
		{76D7ADF1-3F25-437F-9FDE-A2530958B23E}.Debug|x64.ActiveCfg = Debug|x64
		{76D7ADF1-3F25-437F-9FDE-A2530958B23E}.Debug|x64.Build.0 = Debug|x64
		{76D7ADF1-3F25-437F-9FDE-A2530958B23E}.Debug|x86.ActiveCfg = Debug|Win32
		{76D7ADF1-3F25-437F-9FDE-A2530958B23E}.Debug|x86.Build.0 = Debug|Win32
		{76D7ADF1-3F25-437F-9FDE-A2530958B23E}.Release|x64.ActiveCfg = Release|x64
		{76D7ADF1-3F25-437F-9FDE-A2530958B23E}.Release|x64.Build.0 = Release|x64
		{76D7ADF1-3F25-437F-9FDE-A2530958B23E}.Release|x86.ActiveCfg = Release|Win32
		{76D7ADF1-3F25-437F-9FDE-A2530958B23E}.Release|x86.Build.0 = Release|Win32
		{6F2F47ED-AD5B-477D-AA2A-59A84CFE91F7}.Debug|x64.ActiveCfg = Debug|x64
		{6F2F47ED-AD5B-477D-AA2A-59A84CFE91F7}.Debug|x64.Build.0 = Debug|x64
		{6F2F47ED-AD5B-477D-AA2A-59A84CFE91F7}.Debug|x86.ActiveCfg = Debug|Win32
		{6F2F47ED-AD5B-477D-AA2A-59A84CFE91F7}.Debug|x86.Build.0 = Debug|Win32
		{6F2F47ED-AD5B-477D-AA2A-59A84CFE91F7}.Release|x64.ActiveCfg = Release|x64
		{6F2F47ED-AD5B-477D-AA2A-59A84CFE91F7}.Release|x64.Build.0 = Release|x64
		{6F2F47ED-AD5B-477D-AA2A-59A84CFE91F7}.Release|x86.ActiveCfg = Release|Win32
		{6F2F47ED-AD5B-477D-AA2A-59A84CFE91F7}.Release|x86.Build.0 = Release|Win32
		{54B7FB67-A0E5-4246-81C7-F3057FDAB9F7}.Debug|x64.ActiveCfg = Debug|x64
		{54B7FB67-A0E5-4246-81C7-F3057FDAB9F7}.Debug|x64.Build.0 = Debug|x64
		{54B7FB67-A0E5-4246-81C7-F3057FDAB9F7}.Debug|x86.ActiveCfg = Debug|Win32
		{54B7FB67-A0E5-4246-81C7-F3057FDAB9F7}.Debug|x86.Build.0 = Debug|Win32
		{54B7FB67-A0E5-4246-81C7-F3057FDAB9F7}.Release|x64.ActiveCfg = Release|x64
		{54B7FB67-A0E5-4246-81C7-F3057FDAB9F7}.Release|x64.Build.0 = Release|x64
		{54B7FB67-A0E5-4246-81C7-F3057FDAB9F7}.Release|x86.ActiveCfg = Release|Win32
		{54B7FB67-A0E5-4246-81C7-F3057FDAB9F7}.Release|x86.Build.0 = Release|Win32
		{17130617-C062-456E-A11D-EBF06847919F}.Debug|x64.ActiveCfg = Debug|x64
		{17130617-C062-456E-A11D-EBF06847919F}.Debug|x64.Build.0 = Debug|x64
		{17130617-C062-456E-A11D-EBF06847919F}.Debug|x86.ActiveCfg = Debug|Win32
		{17130617-C062-456E-A11D-EBF06847919F}.Debug|x86.Build.0 = Debug|Win32
		{17130617-C062-456E-A11D-EBF06847919F}.Release|x64.ActiveCfg = Release|x64
		{17130617-C062-456E-A11D-EBF06847919F}.Release|x64.Build.0 = Release|x64
		{17130617-C062-456E-A11D-EBF06847919F}.Release|x86.ActiveCfg = Release|Win32
		{17130617-C062-456E-A11D-EBF06847919F}.Release|x86.Build.0 = Release|Win32
		{22864E5B-2326-4F71-B3E3-F15CF8803435}.Debug|x64.ActiveCfg = Debug|x64
		{22864E5B-2326-4F71-B3E3-F15CF8803435}.Debug|x64.Build.0 = Debug|x64
		{22864E5B-2326-4F71-B3E3-F15CF8803435}.Debug|x86.ActiveCfg = Debug|Win32
		{22864E5B-2326-4F71-B3E3-F15CF8803435}.Debug|x86.Build.0 = Debug|Win32
		{22864E5B-2326-4F71-B3E3-F15CF8803435}.Release|x64.ActiveCfg = Release|x64
		{22864E5B-2326-4F71-B3E3-F15CF8803435}.Release|x64.Build.0 = Release|x64
		{22864E5B-2326-4F71-B3E3-F15CF8803435}.Release|x86.ActiveCfg = Release|Win32
		{22864E5B-2326-4F71-B3E3-F15CF8803435}.Release|x86.Build.0 = Release|Win32
		{96BEDD43-5D4C-4587-BE68-B5D888CC60C3}.Debug|x64.ActiveCfg = Debug|x64
		{96BEDD43-5D4C-4587-BE68-B5D888CC60C3}.Debug|x64.Build.0 = Debug|x64
		{96BEDD43-5D4C-4587-BE68-B5D888CC60C3}.Debug|x86.ActiveCfg = Debug|Win32
		{96BEDD43-5D4C-4587-BE68-B5D888CC60C3}.Debug|x86.Build.0 = Debug|Win32
		{96BEDD43-5D4C-4587-BE68-B5D888CC60C3}.Release|x64.ActiveCfg = Release|x64
		{96BEDD43-5D4C-4587-BE68-B5D888CC60C3}.Release|x64.Build.0 = Release|x64
		{96BEDD43-5D4C-4587-BE68-B5D888CC60C3}.Release|x86.ActiveCfg = Release|Win32
		{96BEDD43-5D4C-4587-BE68-B5D888CC60C3}.Release|x86.Build.0 = Release|Win32
		{AA290031-DD59-4B53-95CF-C2702C8C410F}.Debug|x64.ActiveCfg = Debug|x64
		{AA290031-DD59-4B53-95CF-C2702C8C410F}.Debug|x64.Build.0 = Debug|x64
		{AA290031-DD59-4B53-95CF-C2702C8C410F}.Debug|x86.ActiveCfg = Debug|Win32
		{AA290031-DD59-4B53-95CF-C2702C8C410F}.Debug|x86.Build.0 = Debug|Win32
		{AA290031-DD59-4B53-95CF-C2702C8C410F}.Release|x64.ActiveCfg = Release|x64
		{AA290031-DD59-4B53-95CF-C2702C8C410F}.Release|x64.Build.0 = Release|x64
		{AA290031-DD59-4B53-95CF-C2702C8C410F}.Release|x86.ActiveCfg = Release|Win32
		{AA290031-DD59-4B53-95CF-C2702C8C410F}.Release|x86.Build.0 = Release|Win32
		{0C5A4C74-2BCB-40D2-B13F-DB862082E4E2}.Debug|x64.ActiveCfg = Debug|x64
		{0C5A4C74-2BCB-40D2-B13F-DB862082E4E2}.Debug|x64.Build.0 = Debug|x64
		{0C5A4C74-2BCB-40D2-B13F-DB862082E4E2}.Debug|x86.ActiveCfg = Debug|Win32
		{0C5A4C74-2BCB-40D2-B13F-DB862082E4E2}.Debug|x86.Build.0 = Debug|Win32
		{0C5A4C74-2BCB-40D2-B13F-DB862082E4E2}.Release|x64.ActiveCfg = Release|x64
		{0C5A4C74-2BCB-40D2-B13F-DB862082E4E2}.Release|x64.Build.0 = Release|x64
		{0C5A4C74-2BCB-40D2-B13F-DB862082E4E2}.Release|x86.ActiveCfg = Release|Win32
		{0C5A4C74-2BCB-40D2-B13F-DB862082E4E2}.Release|x86.Build.0 = Release|Win32
		{2885E720-BE74-4B1E-8526-73115E195FA1}.Debug|x64.ActiveCfg = Debug|x64
		{2885E720-BE74-4B1E-8526-73115E195FA1}.Debug|x64.Build.0 = Debug|x64
		{2885E720-BE74-4B1E-8526-73115E195FA1}.Debug|x86.ActiveCfg = Debug|Win32
		{2885E720-BE74-4B1E-8526-73115E195FA1}.Debug|x86.Build.0 = Debug|Win32
		{2885E720-BE74-4B1E-8526-73115E195FA1}.Release|x64.ActiveCfg = Release|x64
		{2885E720-BE74-4B1E-8526-73115E195FA1}.Release|x64.Build.0 = Release|x64
		{2885E720-BE74-4B1E-8526-73115E195FA1}.Release|x86.ActiveCfg = Release|Win32
		{2885E720-BE74-4B1E-8526-73115E195FA1}.Release|x86.Build.0 = Release|Win32
		{5A6E2FFA-3C7C-4ACF-9671-D4384BC8F9A4}.Debug|x64.ActiveCfg = Debug|x64
		{5A6E2FFA-3C7C-4ACF-9671-D4384BC8F9A4}.Debug|x64.Build.0 = Debug|x64
		{5A6E2FFA-3C7C-4ACF-9671-D4384BC8F9A4}.Debug|x86.ActiveCfg = Debug|Win32
		{5A6E2FFA-3C7C-4ACF-9671-D4384BC8F9A4}.Debug|x86.Build.0 = Debug|Win32
		{5A6E2FFA-3C7C-4ACF-9671-D4384BC8F9A4}.Release|x64.ActiveCfg = Release|x64
		{5A6E2FFA-3C7C-4ACF-9671-D4384BC8F9A4}.Release|x64.Build.0 = Release|x64
		{5A6E2FFA-3C7C-4ACF-9671-D4384BC8F9A4}.Release|x86.ActiveCfg = Release|Win32
		{5A6E2FFA-3C7C-4ACF-9671-D4384BC8F9A4}.Release|x86.Build.0 = Release|Win32
		{6D4025A5-BC9B-492C-9451-BFE528931E9F}.Debug|x64.ActiveCfg = Debug|x64
		{6D4025A5-BC9B-492C-9451-BFE528931E9F}.Debug|x64.Build.0 = Debug|x64
		{6D4025A5-BC9B-492C-9451-BFE528931E9F}.Debug|x86.ActiveCfg = Debug|Win32
		{6D4025A5-BC9B-492C-9451-BFE528931E9F}.Debug|x86.Build.0 = Debug|Win32
		{6D4025A5-BC9B-492C-9451-BFE528931E9F}.Release|x64.ActiveCfg = Release|x64
		{6D4025A5-BC9B-492C-9451-BFE528931E9F}.Release|x64.Build.0 = Release|x64
		{6D4025A5-BC9B-492C-9451-BFE528931E9F}.Release|x86.ActiveCfg = Release|Win32
		{6D4025A5-BC9B-492C-9451-BFE528931E9F}.Release|x86.Build.0 = Release|Win32
		{68B0A0DA-B395-4CCA-9592-2BC7D161E50B}.Debug|x64.ActiveCfg = Debug|x64
		{68B0A0DA-B395-4CCA-9592-2BC7D161E50B}.Debug|x64.Build.0 = Debug|x64
		{68B0A0DA-B395-4CCA-9592-2BC7D161E50B}.Debug|x86.ActiveCfg = Debug|Win32
		{68B0A0DA-B395-4CCA-9592-2BC7D161E50B}.Debug|x86.Build.0 = Debug|Win32
		{68B0A0DA-B395-4CCA-9592-2BC7D161E50B}.Release|x64.ActiveCfg = Release|x64
		{68B0A0DA-B395-4CCA-9592-2BC7D161E50B}.Release|x64.Build.0 = Release|x64
		{68B0A0DA-B395-4CCA-9592-2BC7D161E50B}.Release|x86.ActiveCfg = Release|Win32
		{68B0A0DA-B395-4CCA-9592-2BC7D161E50B}.Release|x86.Build.0 = Release|Win32
		{C40910D3-2955-4F98-A38C-2864CC433B3C}.Debug|x64.ActiveCfg = Debug|x64
		{C40910D3-2955-4F98-A38C-2864CC433B3C}.Debug|x64.Build.0 = Debug|x64
		{C40910D3-2955-4F98-A38C-2864CC433B3C}.Debug|x86.ActiveCfg = Debug|Win32
		{C40910D3-2955-4F98-A38C-2864CC433B3C}.Debug|x86.Build.0 = Debug|Win32
		{C40910D3-2955-4F98-A38C-2864CC433B3C}.Release|x64.ActiveCfg = Release|x64
		{C40910D3-2955-4F98-A38C-2864CC433B3C}.Release|x64.Build.0 = Release|x64
		{C40910D3-2955-4F98-A38C-2864CC433B3C}.Release|x86.ActiveCfg = Release|Win32
		{C40910D3-2955-4F98-A38C-2864CC433B3C}.Release|x86.Build.0 = Release|Win32
	EndGlobalSection
	GlobalSection(SolutionProperties) = preSolution
		HideSolutionNode = FALSE
	EndGlobalSection
	GlobalSection(ExtensibilityGlobals) = postSolution
		SolutionGuid = {0C4FDA72-6760-4B9B-8BD5-1CD3FBDCBBC1}
	EndGlobalSection
EndGlobal
