
Microsoft Visual Studio Solution File, Format Version 12.00
# Visual Studio Version 17
VisualStudioVersion = 17.1.32228.430
MinimumVisualStudioVersion = 10.0.40219.1
Project("{8BC9CEB8-8B4A-11D0-8D11-00A0C91BC942}") = "OpenChallenge", "OpenChallenge\OpenChallenge.vcxproj", "{DE70D873-1981-46C3-A708-6941E26167D5}"
EndProject
Project("{8BC9CEB8-8B4A-11D0-8D11-00A0C91BC942}") = "q01", "q01\q01.vcxproj", "{B9F835C2-8BF8-4B37-8306-F1D1B3FA9D3F}"
EndProject
Project("{8BC9CEB8-8B4A-11D0-8D11-00A0C91BC942}") = "q02", "q02\q02.vcxproj", "{3A350C1A-7440-4856-BC4C-453697ACF5E7}"
EndProject
Project("{8BC9CEB8-8B4A-11D0-8D11-00A0C91BC942}") = "q03", "q03\q03.vcxproj", "{A0B593A2-1BCA-4B2D-922B-B599DF086DBC}"
EndProject
Project("{8BC9CEB8-8B4A-11D0-8D11-00A0C91BC942}") = "q04", "q04\q04.vcxproj", "{42282314-1339-450C-B9FF-8A8B54592F87}"
EndProject
Project("{8BC9CEB8-8B4A-11D0-8D11-00A0C91BC942}") = "q05", "q05\q05.vcxproj", "{583B863E-FDE8-4A32-8E6C-5845A162F41E}"
EndProject
Project("{8BC9CEB8-8B4A-11D0-8D11-00A0C91BC942}") = "q06", "q06\q06.vcxproj", "{2E15300C-29AE-4C40-9265-1220D4C2374E}"
EndProject
Project("{8BC9CEB8-8B4A-11D0-8D11-00A0C91BC942}") = "q07", "q07\q07.vcxproj", "{F70A640B-2025-414C-A03F-C8C34166E476}"
EndProject
Project("{8BC9CEB8-8B4A-11D0-8D11-00A0C91BC942}") = "q08", "q08\q08.vcxproj", "{951E9408-E70C-424E-9CE9-C11CB38B1B86}"
EndProject
Project("{8BC9CEB8-8B4A-11D0-8D11-00A0C91BC942}") = "q09", "q09\q09.vcxproj", "{5DF9DF68-A841-456D-9C01-3D12E00C1C88}"
EndProject
Global
	GlobalSection(SolutionConfigurationPlatforms) = preSolution
		Debug|x64 = Debug|x64
		Debug|x86 = Debug|x86
		Release|x64 = Release|x64
		Release|x86 = Release|x86
	EndGlobalSection
	GlobalSection(ProjectConfigurationPlatforms) = postSolution
		{DE70D873-1981-46C3-A708-6941E26167D5}.Debug|x64.ActiveCfg = Debug|x64
		{DE70D873-1981-46C3-A708-6941E26167D5}.Debug|x64.Build.0 = Debug|x64
		{DE70D873-1981-46C3-A708-6941E26167D5}.Debug|x86.ActiveCfg = Debug|Win32
		{DE70D873-1981-46C3-A708-6941E26167D5}.Debug|x86.Build.0 = Debug|Win32
		{DE70D873-1981-46C3-A708-6941E26167D5}.Release|x64.ActiveCfg = Release|x64
		{DE70D873-1981-46C3-A708-6941E26167D5}.Release|x64.Build.0 = Release|x64
		{DE70D873-1981-46C3-A708-6941E26167D5}.Release|x86.ActiveCfg = Release|Win32
		{DE70D873-1981-46C3-A708-6941E26167D5}.Release|x86.Build.0 = Release|Win32
		{B9F835C2-8BF8-4B37-8306-F1D1B3FA9D3F}.Debug|x64.ActiveCfg = Debug|x64
		{B9F835C2-8BF8-4B37-8306-F1D1B3FA9D3F}.Debug|x64.Build.0 = Debug|x64
		{B9F835C2-8BF8-4B37-8306-F1D1B3FA9D3F}.Debug|x86.ActiveCfg = Debug|Win32
		{B9F835C2-8BF8-4B37-8306-F1D1B3FA9D3F}.Debug|x86.Build.0 = Debug|Win32
		{B9F835C2-8BF8-4B37-8306-F1D1B3FA9D3F}.Release|x64.ActiveCfg = Release|x64
		{B9F835C2-8BF8-4B37-8306-F1D1B3FA9D3F}.Release|x64.Build.0 = Release|x64
		{B9F835C2-8BF8-4B37-8306-F1D1B3FA9D3F}.Release|x86.ActiveCfg = Release|Win32
		{B9F835C2-8BF8-4B37-8306-F1D1B3FA9D3F}.Release|x86.Build.0 = Release|Win32
		{3A350C1A-7440-4856-BC4C-453697ACF5E7}.Debug|x64.ActiveCfg = Debug|x64
		{3A350C1A-7440-4856-BC4C-453697ACF5E7}.Debug|x64.Build.0 = Debug|x64
		{3A350C1A-7440-4856-BC4C-453697ACF5E7}.Debug|x86.ActiveCfg = Debug|Win32
		{3A350C1A-7440-4856-BC4C-453697ACF5E7}.Debug|x86.Build.0 = Debug|Win32
		{3A350C1A-7440-4856-BC4C-453697ACF5E7}.Release|x64.ActiveCfg = Release|x64
		{3A350C1A-7440-4856-BC4C-453697ACF5E7}.Release|x64.Build.0 = Release|x64
		{3A350C1A-7440-4856-BC4C-453697ACF5E7}.Release|x86.ActiveCfg = Release|Win32
		{3A350C1A-7440-4856-BC4C-453697ACF5E7}.Release|x86.Build.0 = Release|Win32
		{A0B593A2-1BCA-4B2D-922B-B599DF086DBC}.Debug|x64.ActiveCfg = Debug|x64
		{A0B593A2-1BCA-4B2D-922B-B599DF086DBC}.Debug|x64.Build.0 = Debug|x64
		{A0B593A2-1BCA-4B2D-922B-B599DF086DBC}.Debug|x86.ActiveCfg = Debug|Win32
		{A0B593A2-1BCA-4B2D-922B-B599DF086DBC}.Debug|x86.Build.0 = Debug|Win32
		{A0B593A2-1BCA-4B2D-922B-B599DF086DBC}.Release|x64.ActiveCfg = Release|x64
		{A0B593A2-1BCA-4B2D-922B-B599DF086DBC}.Release|x64.Build.0 = Release|x64
		{A0B593A2-1BCA-4B2D-922B-B599DF086DBC}.Release|x86.ActiveCfg = Release|Win32
		{A0B593A2-1BCA-4B2D-922B-B599DF086DBC}.Release|x86.Build.0 = Release|Win32
		{42282314-1339-450C-B9FF-8A8B54592F87}.Debug|x64.ActiveCfg = Debug|x64
		{42282314-1339-450C-B9FF-8A8B54592F87}.Debug|x64.Build.0 = Debug|x64
		{42282314-1339-450C-B9FF-8A8B54592F87}.Debug|x86.ActiveCfg = Debug|Win32
		{42282314-1339-450C-B9FF-8A8B54592F87}.Debug|x86.Build.0 = Debug|Win32
		{42282314-1339-450C-B9FF-8A8B54592F87}.Release|x64.ActiveCfg = Release|x64
		{42282314-1339-450C-B9FF-8A8B54592F87}.Release|x64.Build.0 = Release|x64
		{42282314-1339-450C-B9FF-8A8B54592F87}.Release|x86.ActiveCfg = Release|Win32
		{42282314-1339-450C-B9FF-8A8B54592F87}.Release|x86.Build.0 = Release|Win32
		{583B863E-FDE8-4A32-8E6C-5845A162F41E}.Debug|x64.ActiveCfg = Debug|x64
		{583B863E-FDE8-4A32-8E6C-5845A162F41E}.Debug|x64.Build.0 = Debug|x64
		{583B863E-FDE8-4A32-8E6C-5845A162F41E}.Debug|x86.ActiveCfg = Debug|Win32
		{583B863E-FDE8-4A32-8E6C-5845A162F41E}.Debug|x86.Build.0 = Debug|Win32
		{583B863E-FDE8-4A32-8E6C-5845A162F41E}.Release|x64.ActiveCfg = Release|x64
		{583B863E-FDE8-4A32-8E6C-5845A162F41E}.Release|x64.Build.0 = Release|x64
		{583B863E-FDE8-4A32-8E6C-5845A162F41E}.Release|x86.ActiveCfg = Release|Win32
		{583B863E-FDE8-4A32-8E6C-5845A162F41E}.Release|x86.Build.0 = Release|Win32
		{2E15300C-29AE-4C40-9265-1220D4C2374E}.Debug|x64.ActiveCfg = Debug|x64
		{2E15300C-29AE-4C40-9265-1220D4C2374E}.Debug|x64.Build.0 = Debug|x64
		{2E15300C-29AE-4C40-9265-1220D4C2374E}.Debug|x86.ActiveCfg = Debug|Win32
		{2E15300C-29AE-4C40-9265-1220D4C2374E}.Debug|x86.Build.0 = Debug|Win32
		{2E15300C-29AE-4C40-9265-1220D4C2374E}.Release|x64.ActiveCfg = Release|x64
		{2E15300C-29AE-4C40-9265-1220D4C2374E}.Release|x64.Build.0 = Release|x64
		{2E15300C-29AE-4C40-9265-1220D4C2374E}.Release|x86.ActiveCfg = Release|Win32
		{2E15300C-29AE-4C40-9265-1220D4C2374E}.Release|x86.Build.0 = Release|Win32
		{F70A640B-2025-414C-A03F-C8C34166E476}.Debug|x64.ActiveCfg = Debug|x64
		{F70A640B-2025-414C-A03F-C8C34166E476}.Debug|x64.Build.0 = Debug|x64
		{F70A640B-2025-414C-A03F-C8C34166E476}.Debug|x86.ActiveCfg = Debug|Win32
		{F70A640B-2025-414C-A03F-C8C34166E476}.Debug|x86.Build.0 = Debug|Win32
		{F70A640B-2025-414C-A03F-C8C34166E476}.Release|x64.ActiveCfg = Release|x64
		{F70A640B-2025-414C-A03F-C8C34166E476}.Release|x64.Build.0 = Release|x64
		{F70A640B-2025-414C-A03F-C8C34166E476}.Release|x86.ActiveCfg = Release|Win32
		{F70A640B-2025-414C-A03F-C8C34166E476}.Release|x86.Build.0 = Release|Win32
		{951E9408-E70C-424E-9CE9-C11CB38B1B86}.Debug|x64.ActiveCfg = Debug|x64
		{951E9408-E70C-424E-9CE9-C11CB38B1B86}.Debug|x64.Build.0 = Debug|x64
		{951E9408-E70C-424E-9CE9-C11CB38B1B86}.Debug|x86.ActiveCfg = Debug|Win32
		{951E9408-E70C-424E-9CE9-C11CB38B1B86}.Debug|x86.Build.0 = Debug|Win32
		{951E9408-E70C-424E-9CE9-C11CB38B1B86}.Release|x64.ActiveCfg = Release|x64
		{951E9408-E70C-424E-9CE9-C11CB38B1B86}.Release|x64.Build.0 = Release|x64
		{951E9408-E70C-424E-9CE9-C11CB38B1B86}.Release|x86.ActiveCfg = Release|Win32
		{951E9408-E70C-424E-9CE9-C11CB38B1B86}.Release|x86.Build.0 = Release|Win32
		{5DF9DF68-A841-456D-9C01-3D12E00C1C88}.Debug|x64.ActiveCfg = Debug|x64
		{5DF9DF68-A841-456D-9C01-3D12E00C1C88}.Debug|x64.Build.0 = Debug|x64
		{5DF9DF68-A841-456D-9C01-3D12E00C1C88}.Debug|x86.ActiveCfg = Debug|Win32
		{5DF9DF68-A841-456D-9C01-3D12E00C1C88}.Debug|x86.Build.0 = Debug|Win32
		{5DF9DF68-A841-456D-9C01-3D12E00C1C88}.Release|x64.ActiveCfg = Release|x64
		{5DF9DF68-A841-456D-9C01-3D12E00C1C88}.Release|x64.Build.0 = Release|x64
		{5DF9DF68-A841-456D-9C01-3D12E00C1C88}.Release|x86.ActiveCfg = Release|Win32
		{5DF9DF68-A841-456D-9C01-3D12E00C1C88}.Release|x86.Build.0 = Release|Win32
	EndGlobalSection
	GlobalSection(SolutionProperties) = preSolution
		HideSolutionNode = FALSE
	EndGlobalSection
	GlobalSection(ExtensibilityGlobals) = postSolution
		SolutionGuid = {2AAA4586-6616-4C45-B9F9-CCA5B95F3EA3}
	EndGlobalSection
EndGlobal
