
Microsoft Visual Studio Solution File, Format Version 12.00
# Visual Studio Version 17
VisualStudioVersion = 17.4.33103.184
MinimumVisualStudioVersion = 10.0.40219.1
Project("{8BC9CEB8-8B4A-11D0-8D11-00A0C91BC942}") = "q01", "q01\q01.vcxproj", "{E17E6BD6-8EB2-40F7-A88C-BE11FE04D270}"
EndProject
Project("{8BC9CEB8-8B4A-11D0-8D11-00A0C91BC942}") = "q02", "q02\q02.vcxproj", "{E140985F-20B3-47D9-B5B4-122CA90F1121}"
EndProject
Project("{8BC9CEB8-8B4A-11D0-8D11-00A0C91BC942}") = "q03", "q03\q03.vcxproj", "{4D409133-B78B-480E-A557-CBC7D8D32781}"
EndProject
Project("{8BC9CEB8-8B4A-11D0-8D11-00A0C91BC942}") = "q04", "q04\q04.vcxproj", "{B8BD879E-A198-4E1C-B4DA-2778E1EFC06E}"
EndProject
Global
	GlobalSection(SolutionConfigurationPlatforms) = preSolution
		Debug|x64 = Debug|x64
		Debug|x86 = Debug|x86
		Release|x64 = Release|x64
		Release|x86 = Release|x86
	EndGlobalSection
	GlobalSection(ProjectConfigurationPlatforms) = postSolution
		{E17E6BD6-8EB2-40F7-A88C-BE11FE04D270}.Debug|x64.ActiveCfg = Debug|x64
		{E17E6BD6-8EB2-40F7-A88C-BE11FE04D270}.Debug|x64.Build.0 = Debug|x64
		{E17E6BD6-8EB2-40F7-A88C-BE11FE04D270}.Debug|x86.ActiveCfg = Debug|Win32
		{E17E6BD6-8EB2-40F7-A88C-BE11FE04D270}.Debug|x86.Build.0 = Debug|Win32
		{E17E6BD6-8EB2-40F7-A88C-BE11FE04D270}.Release|x64.ActiveCfg = Release|x64
		{E17E6BD6-8EB2-40F7-A88C-BE11FE04D270}.Release|x64.Build.0 = Release|x64
		{E17E6BD6-8EB2-40F7-A88C-BE11FE04D270}.Release|x86.ActiveCfg = Release|Win32
		{E17E6BD6-8EB2-40F7-A88C-BE11FE04D270}.Release|x86.Build.0 = Release|Win32
		{E140985F-20B3-47D9-B5B4-122CA90F1121}.Debug|x64.ActiveCfg = Debug|x64
		{E140985F-20B3-47D9-B5B4-122CA90F1121}.Debug|x64.Build.0 = Debug|x64
		{E140985F-20B3-47D9-B5B4-122CA90F1121}.Debug|x86.ActiveCfg = Debug|Win32
		{E140985F-20B3-47D9-B5B4-122CA90F1121}.Debug|x86.Build.0 = Debug|Win32
		{E140985F-20B3-47D9-B5B4-122CA90F1121}.Release|x64.ActiveCfg = Release|x64
		{E140985F-20B3-47D9-B5B4-122CA90F1121}.Release|x64.Build.0 = Release|x64
		{E140985F-20B3-47D9-B5B4-122CA90F1121}.Release|x86.ActiveCfg = Release|Win32
		{E140985F-20B3-47D9-B5B4-122CA90F1121}.Release|x86.Build.0 = Release|Win32
		{4D409133-B78B-480E-A557-CBC7D8D32781}.Debug|x64.ActiveCfg = Debug|x64
		{4D409133-B78B-480E-A557-CBC7D8D32781}.Debug|x64.Build.0 = Debug|x64
		{4D409133-B78B-480E-A557-CBC7D8D32781}.Debug|x86.ActiveCfg = Debug|Win32
		{4D409133-B78B-480E-A557-CBC7D8D32781}.Debug|x86.Build.0 = Debug|Win32
		{4D409133-B78B-480E-A557-CBC7D8D32781}.Release|x64.ActiveCfg = Release|x64
		{4D409133-B78B-480E-A557-CBC7D8D32781}.Release|x64.Build.0 = Release|x64
		{4D409133-B78B-480E-A557-CBC7D8D32781}.Release|x86.ActiveCfg = Release|Win32
		{4D409133-B78B-480E-A557-CBC7D8D32781}.Release|x86.Build.0 = Release|Win32
		{B8BD879E-A198-4E1C-B4DA-2778E1EFC06E}.Debug|x64.ActiveCfg = Debug|x64
		{B8BD879E-A198-4E1C-B4DA-2778E1EFC06E}.Debug|x64.Build.0 = Debug|x64
		{B8BD879E-A198-4E1C-B4DA-2778E1EFC06E}.Debug|x86.ActiveCfg = Debug|Win32
		{B8BD879E-A198-4E1C-B4DA-2778E1EFC06E}.Debug|x86.Build.0 = Debug|Win32
		{B8BD879E-A198-4E1C-B4DA-2778E1EFC06E}.Release|x64.ActiveCfg = Release|x64
		{B8BD879E-A198-4E1C-B4DA-2778E1EFC06E}.Release|x64.Build.0 = Release|x64
		{B8BD879E-A198-4E1C-B4DA-2778E1EFC06E}.Release|x86.ActiveCfg = Release|Win32
		{B8BD879E-A198-4E1C-B4DA-2778E1EFC06E}.Release|x86.Build.0 = Release|Win32
	EndGlobalSection
	GlobalSection(SolutionProperties) = preSolution
		HideSolutionNode = FALSE
	EndGlobalSection
	GlobalSection(ExtensibilityGlobals) = postSolution
		SolutionGuid = {24184486-CA8D-453E-B36A-AAF1DEE338D8}
	EndGlobalSection
EndGlobal
