
Microsoft Visual Studio Solution File, Format Version 12.00
# Visual Studio Version 17
VisualStudioVersion = 17.4.33103.184
MinimumVisualStudioVersion = 10.0.40219.1
Project("{8BC9CEB8-8B4A-11D0-8D11-00A0C91BC942}") = "q01", "q01\q01.vcxproj", "{9209216B-8BA0-48A0-9795-0E192097A9C1}"
EndProject
Project("{8BC9CEB8-8B4A-11D0-8D11-00A0C91BC942}") = "OpenChallenge", "OpenChallenge\OpenChallenge.vcxproj", "{7FE624B8-CF83-496B-B067-71745DEF4581}"
EndProject
Project("{8BC9CEB8-8B4A-11D0-8D11-00A0C91BC942}") = "q02", "q02\q02.vcxproj", "{58EDB48F-ABD0-44BC-9136-EDCC251A233D}"
EndProject
Project("{8BC9CEB8-8B4A-11D0-8D11-00A0C91BC942}") = "q03", "q03\q03.vcxproj", "{41B4E34B-957D-4210-AE9C-F7567AB89677}"
EndProject
Project("{8BC9CEB8-8B4A-11D0-8D11-00A0C91BC942}") = "q04", "q04\q04.vcxproj", "{0DD1F16D-D47D-4888-B2AF-DE94B0797388}"
EndProject
Project("{8BC9CEB8-8B4A-11D0-8D11-00A0C91BC942}") = "q05", "q05\q05.vcxproj", "{3FB05425-9CD1-4DC8-9810-8186C39A48DE}"
EndProject
Project("{8BC9CEB8-8B4A-11D0-8D11-00A0C91BC942}") = "q06", "q06\q06.vcxproj", "{634E7C89-1FE7-4465-B4AD-9FE0C8A00890}"
EndProject
Project("{8BC9CEB8-8B4A-11D0-8D11-00A0C91BC942}") = "q07", "q07\q07.vcxproj", "{3265F136-A7FC-4DA1-83B4-6DF1F39FA7E1}"
EndProject
Project("{8BC9CEB8-8B4A-11D0-8D11-00A0C91BC942}") = "q08", "q08\q08.vcxproj", "{53BDCB59-D283-48FB-A0A7-0B4C9ED8E950}"
EndProject
Project("{8BC9CEB8-8B4A-11D0-8D11-00A0C91BC942}") = "q09", "q09\q09.vcxproj", "{04CA8A2D-9040-4488-8593-E41F7D13AC38}"
EndProject
Global
	GlobalSection(SolutionConfigurationPlatforms) = preSolution
		Debug|x64 = Debug|x64
		Debug|x86 = Debug|x86
		Release|x64 = Release|x64
		Release|x86 = Release|x86
	EndGlobalSection
	GlobalSection(ProjectConfigurationPlatforms) = postSolution
		{9209216B-8BA0-48A0-9795-0E192097A9C1}.Debug|x64.ActiveCfg = Debug|x64
		{9209216B-8BA0-48A0-9795-0E192097A9C1}.Debug|x64.Build.0 = Debug|x64
		{9209216B-8BA0-48A0-9795-0E192097A9C1}.Debug|x86.ActiveCfg = Debug|Win32
		{9209216B-8BA0-48A0-9795-0E192097A9C1}.Debug|x86.Build.0 = Debug|Win32
		{9209216B-8BA0-48A0-9795-0E192097A9C1}.Release|x64.ActiveCfg = Release|x64
		{9209216B-8BA0-48A0-9795-0E192097A9C1}.Release|x64.Build.0 = Release|x64
		{9209216B-8BA0-48A0-9795-0E192097A9C1}.Release|x86.ActiveCfg = Release|Win32
		{9209216B-8BA0-48A0-9795-0E192097A9C1}.Release|x86.Build.0 = Release|Win32
		{7FE624B8-CF83-496B-B067-71745DEF4581}.Debug|x64.ActiveCfg = Debug|x64
		{7FE624B8-CF83-496B-B067-71745DEF4581}.Debug|x64.Build.0 = Debug|x64
		{7FE624B8-CF83-496B-B067-71745DEF4581}.Debug|x86.ActiveCfg = Debug|Win32
		{7FE624B8-CF83-496B-B067-71745DEF4581}.Debug|x86.Build.0 = Debug|Win32
		{7FE624B8-CF83-496B-B067-71745DEF4581}.Release|x64.ActiveCfg = Release|x64
		{7FE624B8-CF83-496B-B067-71745DEF4581}.Release|x64.Build.0 = Release|x64
		{7FE624B8-CF83-496B-B067-71745DEF4581}.Release|x86.ActiveCfg = Release|Win32
		{7FE624B8-CF83-496B-B067-71745DEF4581}.Release|x86.Build.0 = Release|Win32
		{58EDB48F-ABD0-44BC-9136-EDCC251A233D}.Debug|x64.ActiveCfg = Debug|x64
		{58EDB48F-ABD0-44BC-9136-EDCC251A233D}.Debug|x64.Build.0 = Debug|x64
		{58EDB48F-ABD0-44BC-9136-EDCC251A233D}.Debug|x86.ActiveCfg = Debug|Win32
		{58EDB48F-ABD0-44BC-9136-EDCC251A233D}.Debug|x86.Build.0 = Debug|Win32
		{58EDB48F-ABD0-44BC-9136-EDCC251A233D}.Release|x64.ActiveCfg = Release|x64
		{58EDB48F-ABD0-44BC-9136-EDCC251A233D}.Release|x64.Build.0 = Release|x64
		{58EDB48F-ABD0-44BC-9136-EDCC251A233D}.Release|x86.ActiveCfg = Release|Win32
		{58EDB48F-ABD0-44BC-9136-EDCC251A233D}.Release|x86.Build.0 = Release|Win32
		{41B4E34B-957D-4210-AE9C-F7567AB89677}.Debug|x64.ActiveCfg = Debug|x64
		{41B4E34B-957D-4210-AE9C-F7567AB89677}.Debug|x64.Build.0 = Debug|x64
		{41B4E34B-957D-4210-AE9C-F7567AB89677}.Debug|x86.ActiveCfg = Debug|Win32
		{41B4E34B-957D-4210-AE9C-F7567AB89677}.Debug|x86.Build.0 = Debug|Win32
		{41B4E34B-957D-4210-AE9C-F7567AB89677}.Release|x64.ActiveCfg = Release|x64
		{41B4E34B-957D-4210-AE9C-F7567AB89677}.Release|x64.Build.0 = Release|x64
		{41B4E34B-957D-4210-AE9C-F7567AB89677}.Release|x86.ActiveCfg = Release|Win32
		{41B4E34B-957D-4210-AE9C-F7567AB89677}.Release|x86.Build.0 = Release|Win32
		{0DD1F16D-D47D-4888-B2AF-DE94B0797388}.Debug|x64.ActiveCfg = Debug|x64
		{0DD1F16D-D47D-4888-B2AF-DE94B0797388}.Debug|x64.Build.0 = Debug|x64
		{0DD1F16D-D47D-4888-B2AF-DE94B0797388}.Debug|x86.ActiveCfg = Debug|Win32
		{0DD1F16D-D47D-4888-B2AF-DE94B0797388}.Debug|x86.Build.0 = Debug|Win32
		{0DD1F16D-D47D-4888-B2AF-DE94B0797388}.Release|x64.ActiveCfg = Release|x64
		{0DD1F16D-D47D-4888-B2AF-DE94B0797388}.Release|x64.Build.0 = Release|x64
		{0DD1F16D-D47D-4888-B2AF-DE94B0797388}.Release|x86.ActiveCfg = Release|Win32
		{0DD1F16D-D47D-4888-B2AF-DE94B0797388}.Release|x86.Build.0 = Release|Win32
		{3FB05425-9CD1-4DC8-9810-8186C39A48DE}.Debug|x64.ActiveCfg = Debug|x64
		{3FB05425-9CD1-4DC8-9810-8186C39A48DE}.Debug|x64.Build.0 = Debug|x64
		{3FB05425-9CD1-4DC8-9810-8186C39A48DE}.Debug|x86.ActiveCfg = Debug|Win32
		{3FB05425-9CD1-4DC8-9810-8186C39A48DE}.Debug|x86.Build.0 = Debug|Win32
		{3FB05425-9CD1-4DC8-9810-8186C39A48DE}.Release|x64.ActiveCfg = Release|x64
		{3FB05425-9CD1-4DC8-9810-8186C39A48DE}.Release|x64.Build.0 = Release|x64
		{3FB05425-9CD1-4DC8-9810-8186C39A48DE}.Release|x86.ActiveCfg = Release|Win32
		{3FB05425-9CD1-4DC8-9810-8186C39A48DE}.Release|x86.Build.0 = Release|Win32
		{634E7C89-1FE7-4465-B4AD-9FE0C8A00890}.Debug|x64.ActiveCfg = Debug|x64
		{634E7C89-1FE7-4465-B4AD-9FE0C8A00890}.Debug|x64.Build.0 = Debug|x64
		{634E7C89-1FE7-4465-B4AD-9FE0C8A00890}.Debug|x86.ActiveCfg = Debug|Win32
		{634E7C89-1FE7-4465-B4AD-9FE0C8A00890}.Debug|x86.Build.0 = Debug|Win32
		{634E7C89-1FE7-4465-B4AD-9FE0C8A00890}.Release|x64.ActiveCfg = Release|x64
		{634E7C89-1FE7-4465-B4AD-9FE0C8A00890}.Release|x64.Build.0 = Release|x64
		{634E7C89-1FE7-4465-B4AD-9FE0C8A00890}.Release|x86.ActiveCfg = Release|Win32
		{634E7C89-1FE7-4465-B4AD-9FE0C8A00890}.Release|x86.Build.0 = Release|Win32
		{3265F136-A7FC-4DA1-83B4-6DF1F39FA7E1}.Debug|x64.ActiveCfg = Debug|x64
		{3265F136-A7FC-4DA1-83B4-6DF1F39FA7E1}.Debug|x64.Build.0 = Debug|x64
		{3265F136-A7FC-4DA1-83B4-6DF1F39FA7E1}.Debug|x86.ActiveCfg = Debug|Win32
		{3265F136-A7FC-4DA1-83B4-6DF1F39FA7E1}.Debug|x86.Build.0 = Debug|Win32
		{3265F136-A7FC-4DA1-83B4-6DF1F39FA7E1}.Release|x64.ActiveCfg = Release|x64
		{3265F136-A7FC-4DA1-83B4-6DF1F39FA7E1}.Release|x64.Build.0 = Release|x64
		{3265F136-A7FC-4DA1-83B4-6DF1F39FA7E1}.Release|x86.ActiveCfg = Release|Win32
		{3265F136-A7FC-4DA1-83B4-6DF1F39FA7E1}.Release|x86.Build.0 = Release|Win32
		{53BDCB59-D283-48FB-A0A7-0B4C9ED8E950}.Debug|x64.ActiveCfg = Debug|x64
		{53BDCB59-D283-48FB-A0A7-0B4C9ED8E950}.Debug|x64.Build.0 = Debug|x64
		{53BDCB59-D283-48FB-A0A7-0B4C9ED8E950}.Debug|x86.ActiveCfg = Debug|Win32
		{53BDCB59-D283-48FB-A0A7-0B4C9ED8E950}.Debug|x86.Build.0 = Debug|Win32
		{53BDCB59-D283-48FB-A0A7-0B4C9ED8E950}.Release|x64.ActiveCfg = Release|x64
		{53BDCB59-D283-48FB-A0A7-0B4C9ED8E950}.Release|x64.Build.0 = Release|x64
		{53BDCB59-D283-48FB-A0A7-0B4C9ED8E950}.Release|x86.ActiveCfg = Release|Win32
		{53BDCB59-D283-48FB-A0A7-0B4C9ED8E950}.Release|x86.Build.0 = Release|Win32
		{04CA8A2D-9040-4488-8593-E41F7D13AC38}.Debug|x64.ActiveCfg = Debug|x64
		{04CA8A2D-9040-4488-8593-E41F7D13AC38}.Debug|x64.Build.0 = Debug|x64
		{04CA8A2D-9040-4488-8593-E41F7D13AC38}.Debug|x86.ActiveCfg = Debug|Win32
		{04CA8A2D-9040-4488-8593-E41F7D13AC38}.Debug|x86.Build.0 = Debug|Win32
		{04CA8A2D-9040-4488-8593-E41F7D13AC38}.Release|x64.ActiveCfg = Release|x64
		{04CA8A2D-9040-4488-8593-E41F7D13AC38}.Release|x64.Build.0 = Release|x64
		{04CA8A2D-9040-4488-8593-E41F7D13AC38}.Release|x86.ActiveCfg = Release|Win32
		{04CA8A2D-9040-4488-8593-E41F7D13AC38}.Release|x86.Build.0 = Release|Win32
	EndGlobalSection
	GlobalSection(SolutionProperties) = preSolution
		HideSolutionNode = FALSE
	EndGlobalSection
	GlobalSection(ExtensibilityGlobals) = postSolution
		SolutionGuid = {A6720BD2-2372-4608-A5BF-86F62EADD3DA}
	EndGlobalSection
EndGlobal
