
Microsoft Visual Studio Solution File, Format Version 12.00
# Visual Studio Version 17
VisualStudioVersion = 17.1.32228.430
MinimumVisualStudioVersion = 10.0.40219.1
Project("{8BC9CEB8-8B4A-11D0-8D11-00A0C91BC942}") = "OpenChallenge", "OpenChallenge\OpenChallenge.vcxproj", "{62EB578D-D5BE-4221-9E1C-8B4F32024563}"
EndProject
Project("{8BC9CEB8-8B4A-11D0-8D11-00A0C91BC942}") = "q01", "q01\q01.vcxproj", "{6F25A517-5EB7-47D6-83F4-D4CD1D632A26}"
EndProject
Project("{8BC9CEB8-8B4A-11D0-8D11-00A0C91BC942}") = "q02", "q02\q02.vcxproj", "{32D90CD7-D804-4C76-80D4-B9499EEF8A8D}"
EndProject
Project("{8BC9CEB8-8B4A-11D0-8D11-00A0C91BC942}") = "q04", "q04\q04.vcxproj", "{7885539C-74A0-4AAC-B370-859F7EEF5DA6}"
EndProject
Project("{8BC9CEB8-8B4A-11D0-8D11-00A0C91BC942}") = "q03", "q03\q03.vcxproj", "{AB4FAD87-8F11-4DC4-A2F5-32C8F4606B75}"
EndProject
Project("{8BC9CEB8-8B4A-11D0-8D11-00A0C91BC942}") = "q05", "q05\q05.vcxproj", "{3FB86DFF-C8B7-44BD-B7D7-EFBC576A1214}"
EndProject
Project("{8BC9CEB8-8B4A-11D0-8D11-00A0C91BC942}") = "q06", "q06\q06.vcxproj", "{F122F127-1E92-450A-B695-69D49E13E9E1}"
EndProject
Project("{8BC9CEB8-8B4A-11D0-8D11-00A0C91BC942}") = "q07", "q07\q07.vcxproj", "{1DB4CB22-3162-4ABF-8DAC-EFA7FF82AC4B}"
EndProject
Project("{8BC9CEB8-8B4A-11D0-8D11-00A0C91BC942}") = "q08", "q08\q08.vcxproj", "{619996DB-199B-4543-BFD7-990128050E2F}"
EndProject
Project("{8BC9CEB8-8B4A-11D0-8D11-00A0C91BC942}") = "q09", "q09\q09.vcxproj", "{1F6BB157-05E7-46D8-BBEE-7D4EBFBD2971}"
EndProject
Project("{8BC9CEB8-8B4A-11D0-8D11-00A0C91BC942}") = "q10", "q10\q10.vcxproj", "{1A2369B7-162A-4958-AFD6-C8E30EC30766}"
EndProject
Project("{8BC9CEB8-8B4A-11D0-8D11-00A0C91BC942}") = "q11", "q11\q11.vcxproj", "{6DF747D1-6D89-4BC2-AD92-6510F8C72F39}"
EndProject
Project("{8BC9CEB8-8B4A-11D0-8D11-00A0C91BC942}") = "q12", "q12\q12.vcxproj", "{DC42EE53-DA3B-4ACE-BE6E-0CFCAF36E258}"
EndProject
Project("{8BC9CEB8-8B4A-11D0-8D11-00A0C91BC942}") = "q13", "q13\q13.vcxproj", "{EAE7E61C-A1A7-4BA2-9414-65E57F3F236B}"
EndProject
Project("{8BC9CEB8-8B4A-11D0-8D11-00A0C91BC942}") = "q14", "q14\q14.vcxproj", "{F55160D8-86FF-4487-B5EA-BA4AE6D1D406}"
EndProject
Project("{8BC9CEB8-8B4A-11D0-8D11-00A0C91BC942}") = "q15", "q15\q15.vcxproj", "{9B68D5A2-D6FF-48FF-936F-A5B5EB50ED83}"
EndProject
Project("{8BC9CEB8-8B4A-11D0-8D11-00A0C91BC942}") = "q16", "q16\q16.vcxproj", "{6A71254B-BDE2-4BCD-A1D7-C1CD8D091EF9}"
EndProject
Global
	GlobalSection(SolutionConfigurationPlatforms) = preSolution
		Debug|x64 = Debug|x64
		Debug|x86 = Debug|x86
		Release|x64 = Release|x64
		Release|x86 = Release|x86
	EndGlobalSection
	GlobalSection(ProjectConfigurationPlatforms) = postSolution
		{62EB578D-D5BE-4221-9E1C-8B4F32024563}.Debug|x64.ActiveCfg = Debug|x64
		{62EB578D-D5BE-4221-9E1C-8B4F32024563}.Debug|x64.Build.0 = Debug|x64
		{62EB578D-D5BE-4221-9E1C-8B4F32024563}.Debug|x86.ActiveCfg = Debug|Win32
		{62EB578D-D5BE-4221-9E1C-8B4F32024563}.Debug|x86.Build.0 = Debug|Win32
		{62EB578D-D5BE-4221-9E1C-8B4F32024563}.Release|x64.ActiveCfg = Release|x64
		{62EB578D-D5BE-4221-9E1C-8B4F32024563}.Release|x64.Build.0 = Release|x64
		{62EB578D-D5BE-4221-9E1C-8B4F32024563}.Release|x86.ActiveCfg = Release|Win32
		{62EB578D-D5BE-4221-9E1C-8B4F32024563}.Release|x86.Build.0 = Release|Win32
		{6F25A517-5EB7-47D6-83F4-D4CD1D632A26}.Debug|x64.ActiveCfg = Debug|x64
		{6F25A517-5EB7-47D6-83F4-D4CD1D632A26}.Debug|x64.Build.0 = Debug|x64
		{6F25A517-5EB7-47D6-83F4-D4CD1D632A26}.Debug|x86.ActiveCfg = Debug|Win32
		{6F25A517-5EB7-47D6-83F4-D4CD1D632A26}.Debug|x86.Build.0 = Debug|Win32
		{6F25A517-5EB7-47D6-83F4-D4CD1D632A26}.Release|x64.ActiveCfg = Release|x64
		{6F25A517-5EB7-47D6-83F4-D4CD1D632A26}.Release|x64.Build.0 = Release|x64
		{6F25A517-5EB7-47D6-83F4-D4CD1D632A26}.Release|x86.ActiveCfg = Release|Win32
		{6F25A517-5EB7-47D6-83F4-D4CD1D632A26}.Release|x86.Build.0 = Release|Win32
		{32D90CD7-D804-4C76-80D4-B9499EEF8A8D}.Debug|x64.ActiveCfg = Debug|x64
		{32D90CD7-D804-4C76-80D4-B9499EEF8A8D}.Debug|x64.Build.0 = Debug|x64
		{32D90CD7-D804-4C76-80D4-B9499EEF8A8D}.Debug|x86.ActiveCfg = Debug|Win32
		{32D90CD7-D804-4C76-80D4-B9499EEF8A8D}.Debug|x86.Build.0 = Debug|Win32
		{32D90CD7-D804-4C76-80D4-B9499EEF8A8D}.Release|x64.ActiveCfg = Release|x64
		{32D90CD7-D804-4C76-80D4-B9499EEF8A8D}.Release|x64.Build.0 = Release|x64
		{32D90CD7-D804-4C76-80D4-B9499EEF8A8D}.Release|x86.ActiveCfg = Release|Win32
		{32D90CD7-D804-4C76-80D4-B9499EEF8A8D}.Release|x86.Build.0 = Release|Win32
		{7885539C-74A0-4AAC-B370-859F7EEF5DA6}.Debug|x64.ActiveCfg = Debug|x64
		{7885539C-74A0-4AAC-B370-859F7EEF5DA6}.Debug|x64.Build.0 = Debug|x64
		{7885539C-74A0-4AAC-B370-859F7EEF5DA6}.Debug|x86.ActiveCfg = Debug|Win32
		{7885539C-74A0-4AAC-B370-859F7EEF5DA6}.Debug|x86.Build.0 = Debug|Win32
		{7885539C-74A0-4AAC-B370-859F7EEF5DA6}.Release|x64.ActiveCfg = Release|x64
		{7885539C-74A0-4AAC-B370-859F7EEF5DA6}.Release|x64.Build.0 = Release|x64
		{7885539C-74A0-4AAC-B370-859F7EEF5DA6}.Release|x86.ActiveCfg = Release|Win32
		{7885539C-74A0-4AAC-B370-859F7EEF5DA6}.Release|x86.Build.0 = Release|Win32
		{AB4FAD87-8F11-4DC4-A2F5-32C8F4606B75}.Debug|x64.ActiveCfg = Debug|x64
		{AB4FAD87-8F11-4DC4-A2F5-32C8F4606B75}.Debug|x64.Build.0 = Debug|x64
		{AB4FAD87-8F11-4DC4-A2F5-32C8F4606B75}.Debug|x86.ActiveCfg = Debug|Win32
		{AB4FAD87-8F11-4DC4-A2F5-32C8F4606B75}.Debug|x86.Build.0 = Debug|Win32
		{AB4FAD87-8F11-4DC4-A2F5-32C8F4606B75}.Release|x64.ActiveCfg = Release|x64
		{AB4FAD87-8F11-4DC4-A2F5-32C8F4606B75}.Release|x64.Build.0 = Release|x64
		{AB4FAD87-8F11-4DC4-A2F5-32C8F4606B75}.Release|x86.ActiveCfg = Release|Win32
		{AB4FAD87-8F11-4DC4-A2F5-32C8F4606B75}.Release|x86.Build.0 = Release|Win32
		{3FB86DFF-C8B7-44BD-B7D7-EFBC576A1214}.Debug|x64.ActiveCfg = Debug|x64
		{3FB86DFF-C8B7-44BD-B7D7-EFBC576A1214}.Debug|x64.Build.0 = Debug|x64
		{3FB86DFF-C8B7-44BD-B7D7-EFBC576A1214}.Debug|x86.ActiveCfg = Debug|Win32
		{3FB86DFF-C8B7-44BD-B7D7-EFBC576A1214}.Debug|x86.Build.0 = Debug|Win32
		{3FB86DFF-C8B7-44BD-B7D7-EFBC576A1214}.Release|x64.ActiveCfg = Release|x64
		{3FB86DFF-C8B7-44BD-B7D7-EFBC576A1214}.Release|x64.Build.0 = Release|x64
		{3FB86DFF-C8B7-44BD-B7D7-EFBC576A1214}.Release|x86.ActiveCfg = Release|Win32
		{3FB86DFF-C8B7-44BD-B7D7-EFBC576A1214}.Release|x86.Build.0 = Release|Win32
		{F122F127-1E92-450A-B695-69D49E13E9E1}.Debug|x64.ActiveCfg = Debug|x64
		{F122F127-1E92-450A-B695-69D49E13E9E1}.Debug|x64.Build.0 = Debug|x64
		{F122F127-1E92-450A-B695-69D49E13E9E1}.Debug|x86.ActiveCfg = Debug|Win32
		{F122F127-1E92-450A-B695-69D49E13E9E1}.Debug|x86.Build.0 = Debug|Win32
		{F122F127-1E92-450A-B695-69D49E13E9E1}.Release|x64.ActiveCfg = Release|x64
		{F122F127-1E92-450A-B695-69D49E13E9E1}.Release|x64.Build.0 = Release|x64
		{F122F127-1E92-450A-B695-69D49E13E9E1}.Release|x86.ActiveCfg = Release|Win32
		{F122F127-1E92-450A-B695-69D49E13E9E1}.Release|x86.Build.0 = Release|Win32
		{1DB4CB22-3162-4ABF-8DAC-EFA7FF82AC4B}.Debug|x64.ActiveCfg = Debug|x64
		{1DB4CB22-3162-4ABF-8DAC-EFA7FF82AC4B}.Debug|x64.Build.0 = Debug|x64
		{1DB4CB22-3162-4ABF-8DAC-EFA7FF82AC4B}.Debug|x86.ActiveCfg = Debug|Win32
		{1DB4CB22-3162-4ABF-8DAC-EFA7FF82AC4B}.Debug|x86.Build.0 = Debug|Win32
		{1DB4CB22-3162-4ABF-8DAC-EFA7FF82AC4B}.Release|x64.ActiveCfg = Release|x64
		{1DB4CB22-3162-4ABF-8DAC-EFA7FF82AC4B}.Release|x64.Build.0 = Release|x64
		{1DB4CB22-3162-4ABF-8DAC-EFA7FF82AC4B}.Release|x86.ActiveCfg = Release|Win32
		{1DB4CB22-3162-4ABF-8DAC-EFA7FF82AC4B}.Release|x86.Build.0 = Release|Win32
		{619996DB-199B-4543-BFD7-990128050E2F}.Debug|x64.ActiveCfg = Debug|x64
		{619996DB-199B-4543-BFD7-990128050E2F}.Debug|x64.Build.0 = Debug|x64
		{619996DB-199B-4543-BFD7-990128050E2F}.Debug|x86.ActiveCfg = Debug|Win32
		{619996DB-199B-4543-BFD7-990128050E2F}.Debug|x86.Build.0 = Debug|Win32
		{619996DB-199B-4543-BFD7-990128050E2F}.Release|x64.ActiveCfg = Release|x64
		{619996DB-199B-4543-BFD7-990128050E2F}.Release|x64.Build.0 = Release|x64
		{619996DB-199B-4543-BFD7-990128050E2F}.Release|x86.ActiveCfg = Release|Win32
		{619996DB-199B-4543-BFD7-990128050E2F}.Release|x86.Build.0 = Release|Win32
		{1F6BB157-05E7-46D8-BBEE-7D4EBFBD2971}.Debug|x64.ActiveCfg = Debug|x64
		{1F6BB157-05E7-46D8-BBEE-7D4EBFBD2971}.Debug|x64.Build.0 = Debug|x64
		{1F6BB157-05E7-46D8-BBEE-7D4EBFBD2971}.Debug|x86.ActiveCfg = Debug|Win32
		{1F6BB157-05E7-46D8-BBEE-7D4EBFBD2971}.Debug|x86.Build.0 = Debug|Win32
		{1F6BB157-05E7-46D8-BBEE-7D4EBFBD2971}.Release|x64.ActiveCfg = Release|x64
		{1F6BB157-05E7-46D8-BBEE-7D4EBFBD2971}.Release|x64.Build.0 = Release|x64
		{1F6BB157-05E7-46D8-BBEE-7D4EBFBD2971}.Release|x86.ActiveCfg = Release|Win32
		{1F6BB157-05E7-46D8-BBEE-7D4EBFBD2971}.Release|x86.Build.0 = Release|Win32
		{1A2369B7-162A-4958-AFD6-C8E30EC30766}.Debug|x64.ActiveCfg = Debug|x64
		{1A2369B7-162A-4958-AFD6-C8E30EC30766}.Debug|x64.Build.0 = Debug|x64
		{1A2369B7-162A-4958-AFD6-C8E30EC30766}.Debug|x86.ActiveCfg = Debug|Win32
		{1A2369B7-162A-4958-AFD6-C8E30EC30766}.Debug|x86.Build.0 = Debug|Win32
		{1A2369B7-162A-4958-AFD6-C8E30EC30766}.Release|x64.ActiveCfg = Release|x64
		{1A2369B7-162A-4958-AFD6-C8E30EC30766}.Release|x64.Build.0 = Release|x64
		{1A2369B7-162A-4958-AFD6-C8E30EC30766}.Release|x86.ActiveCfg = Release|Win32
		{1A2369B7-162A-4958-AFD6-C8E30EC30766}.Release|x86.Build.0 = Release|Win32
		{6DF747D1-6D89-4BC2-AD92-6510F8C72F39}.Debug|x64.ActiveCfg = Debug|x64
		{6DF747D1-6D89-4BC2-AD92-6510F8C72F39}.Debug|x64.Build.0 = Debug|x64
		{6DF747D1-6D89-4BC2-AD92-6510F8C72F39}.Debug|x86.ActiveCfg = Debug|Win32
		{6DF747D1-6D89-4BC2-AD92-6510F8C72F39}.Debug|x86.Build.0 = Debug|Win32
		{6DF747D1-6D89-4BC2-AD92-6510F8C72F39}.Release|x64.ActiveCfg = Release|x64
		{6DF747D1-6D89-4BC2-AD92-6510F8C72F39}.Release|x64.Build.0 = Release|x64
		{6DF747D1-6D89-4BC2-AD92-6510F8C72F39}.Release|x86.ActiveCfg = Release|Win32
		{6DF747D1-6D89-4BC2-AD92-6510F8C72F39}.Release|x86.Build.0 = Release|Win32
		{DC42EE53-DA3B-4ACE-BE6E-0CFCAF36E258}.Debug|x64.ActiveCfg = Debug|x64
		{DC42EE53-DA3B-4ACE-BE6E-0CFCAF36E258}.Debug|x64.Build.0 = Debug|x64
		{DC42EE53-DA3B-4ACE-BE6E-0CFCAF36E258}.Debug|x86.ActiveCfg = Debug|Win32
		{DC42EE53-DA3B-4ACE-BE6E-0CFCAF36E258}.Debug|x86.Build.0 = Debug|Win32
		{DC42EE53-DA3B-4ACE-BE6E-0CFCAF36E258}.Release|x64.ActiveCfg = Release|x64
		{DC42EE53-DA3B-4ACE-BE6E-0CFCAF36E258}.Release|x64.Build.0 = Release|x64
		{DC42EE53-DA3B-4ACE-BE6E-0CFCAF36E258}.Release|x86.ActiveCfg = Release|Win32
		{DC42EE53-DA3B-4ACE-BE6E-0CFCAF36E258}.Release|x86.Build.0 = Release|Win32
		{EAE7E61C-A1A7-4BA2-9414-65E57F3F236B}.Debug|x64.ActiveCfg = Debug|x64
		{EAE7E61C-A1A7-4BA2-9414-65E57F3F236B}.Debug|x64.Build.0 = Debug|x64
		{EAE7E61C-A1A7-4BA2-9414-65E57F3F236B}.Debug|x86.ActiveCfg = Debug|Win32
		{EAE7E61C-A1A7-4BA2-9414-65E57F3F236B}.Debug|x86.Build.0 = Debug|Win32
		{EAE7E61C-A1A7-4BA2-9414-65E57F3F236B}.Release|x64.ActiveCfg = Release|x64
		{EAE7E61C-A1A7-4BA2-9414-65E57F3F236B}.Release|x64.Build.0 = Release|x64
		{EAE7E61C-A1A7-4BA2-9414-65E57F3F236B}.Release|x86.ActiveCfg = Release|Win32
		{EAE7E61C-A1A7-4BA2-9414-65E57F3F236B}.Release|x86.Build.0 = Release|Win32
		{F55160D8-86FF-4487-B5EA-BA4AE6D1D406}.Debug|x64.ActiveCfg = Debug|x64
		{F55160D8-86FF-4487-B5EA-BA4AE6D1D406}.Debug|x64.Build.0 = Debug|x64
		{F55160D8-86FF-4487-B5EA-BA4AE6D1D406}.Debug|x86.ActiveCfg = Debug|Win32
		{F55160D8-86FF-4487-B5EA-BA4AE6D1D406}.Debug|x86.Build.0 = Debug|Win32
		{F55160D8-86FF-4487-B5EA-BA4AE6D1D406}.Release|x64.ActiveCfg = Release|x64
		{F55160D8-86FF-4487-B5EA-BA4AE6D1D406}.Release|x64.Build.0 = Release|x64
		{F55160D8-86FF-4487-B5EA-BA4AE6D1D406}.Release|x86.ActiveCfg = Release|Win32
		{F55160D8-86FF-4487-B5EA-BA4AE6D1D406}.Release|x86.Build.0 = Release|Win32
		{9B68D5A2-D6FF-48FF-936F-A5B5EB50ED83}.Debug|x64.ActiveCfg = Debug|x64
		{9B68D5A2-D6FF-48FF-936F-A5B5EB50ED83}.Debug|x64.Build.0 = Debug|x64
		{9B68D5A2-D6FF-48FF-936F-A5B5EB50ED83}.Debug|x86.ActiveCfg = Debug|Win32
		{9B68D5A2-D6FF-48FF-936F-A5B5EB50ED83}.Debug|x86.Build.0 = Debug|Win32
		{9B68D5A2-D6FF-48FF-936F-A5B5EB50ED83}.Release|x64.ActiveCfg = Release|x64
		{9B68D5A2-D6FF-48FF-936F-A5B5EB50ED83}.Release|x64.Build.0 = Release|x64
		{9B68D5A2-D6FF-48FF-936F-A5B5EB50ED83}.Release|x86.ActiveCfg = Release|Win32
		{9B68D5A2-D6FF-48FF-936F-A5B5EB50ED83}.Release|x86.Build.0 = Release|Win32
		{6A71254B-BDE2-4BCD-A1D7-C1CD8D091EF9}.Debug|x64.ActiveCfg = Debug|x64
		{6A71254B-BDE2-4BCD-A1D7-C1CD8D091EF9}.Debug|x64.Build.0 = Debug|x64
		{6A71254B-BDE2-4BCD-A1D7-C1CD8D091EF9}.Debug|x86.ActiveCfg = Debug|Win32
		{6A71254B-BDE2-4BCD-A1D7-C1CD8D091EF9}.Debug|x86.Build.0 = Debug|Win32
		{6A71254B-BDE2-4BCD-A1D7-C1CD8D091EF9}.Release|x64.ActiveCfg = Release|x64
		{6A71254B-BDE2-4BCD-A1D7-C1CD8D091EF9}.Release|x64.Build.0 = Release|x64
		{6A71254B-BDE2-4BCD-A1D7-C1CD8D091EF9}.Release|x86.ActiveCfg = Release|Win32
		{6A71254B-BDE2-4BCD-A1D7-C1CD8D091EF9}.Release|x86.Build.0 = Release|Win32
	EndGlobalSection
	GlobalSection(SolutionProperties) = preSolution
		HideSolutionNode = FALSE
	EndGlobalSection
	GlobalSection(ExtensibilityGlobals) = postSolution
		SolutionGuid = {87C0A2F6-EEAE-4CF6-BD1E-08579292B4E2}
	EndGlobalSection
EndGlobal
