
Microsoft Visual Studio Solution File, Format Version 12.00
# Visual Studio Version 17
VisualStudioVersion = 17.1.32228.430
MinimumVisualStudioVersion = 10.0.40219.1
Project("{8BC9CEB8-8B4A-11D0-8D11-00A0C91BC942}") = "q01", "q01\q01.vcxproj", "{8AFC91D5-0137-4877-8713-460A34D9BA15}"
EndProject
Project("{8BC9CEB8-8B4A-11D0-8D11-00A0C91BC942}") = "q02", "q02\q02.vcxproj", "{686B00D1-E2E8-4724-BE84-DF3515BFF395}"
EndProject
Project("{8BC9CEB8-8B4A-11D0-8D11-00A0C91BC942}") = "q03", "q03\q03.vcxproj", "{C7C03129-37DC-4102-AD53-5C3344B0036D}"
EndProject
Project("{8BC9CEB8-8B4A-11D0-8D11-00A0C91BC942}") = "q04", "q04\q04.vcxproj", "{2A7385B9-DC8F-4D92-8019-B4F95A465371}"
EndProject
Project("{8BC9CEB8-8B4A-11D0-8D11-00A0C91BC942}") = "q05", "q05\q05.vcxproj", "{65447515-0057-48AF-AF24-8CD3307BA82F}"
EndProject
Project("{8BC9CEB8-8B4A-11D0-8D11-00A0C91BC942}") = "q06", "q06\q06.vcxproj", "{6A1D872D-41AA-47D8-97C6-3D4F5B8974FA}"
EndProject
Project("{8BC9CEB8-8B4A-11D0-8D11-00A0C91BC942}") = "q07", "q07\q07.vcxproj", "{8DA49238-4747-458B-B294-058D4FDAD6D9}"
EndProject
Project("{8BC9CEB8-8B4A-11D0-8D11-00A0C91BC942}") = "q08", "q08\q08.vcxproj", "{5977903D-8548-49D0-B76E-28CF031F6E97}"
EndProject
Project("{8BC9CEB8-8B4A-11D0-8D11-00A0C91BC942}") = "q09", "q09\q09.vcxproj", "{89E2ADE4-B81F-45A0-A3DD-586D6A515551}"
EndProject
Project("{8BC9CEB8-8B4A-11D0-8D11-00A0C91BC942}") = "q10", "q10\q10.vcxproj", "{B2421166-7A23-4720-A4DC-8C75B2FDCA05}"
EndProject
Global
	GlobalSection(SolutionConfigurationPlatforms) = preSolution
		Debug|x64 = Debug|x64
		Debug|x86 = Debug|x86
		Release|x64 = Release|x64
		Release|x86 = Release|x86
	EndGlobalSection
	GlobalSection(ProjectConfigurationPlatforms) = postSolution
		{8AFC91D5-0137-4877-8713-460A34D9BA15}.Debug|x64.ActiveCfg = Debug|x64
		{8AFC91D5-0137-4877-8713-460A34D9BA15}.Debug|x64.Build.0 = Debug|x64
		{8AFC91D5-0137-4877-8713-460A34D9BA15}.Debug|x86.ActiveCfg = Debug|Win32
		{8AFC91D5-0137-4877-8713-460A34D9BA15}.Debug|x86.Build.0 = Debug|Win32
		{8AFC91D5-0137-4877-8713-460A34D9BA15}.Release|x64.ActiveCfg = Release|x64
		{8AFC91D5-0137-4877-8713-460A34D9BA15}.Release|x64.Build.0 = Release|x64
		{8AFC91D5-0137-4877-8713-460A34D9BA15}.Release|x86.ActiveCfg = Release|Win32
		{8AFC91D5-0137-4877-8713-460A34D9BA15}.Release|x86.Build.0 = Release|Win32
		{686B00D1-E2E8-4724-BE84-DF3515BFF395}.Debug|x64.ActiveCfg = Debug|x64
		{686B00D1-E2E8-4724-BE84-DF3515BFF395}.Debug|x64.Build.0 = Debug|x64
		{686B00D1-E2E8-4724-BE84-DF3515BFF395}.Debug|x86.ActiveCfg = Debug|Win32
		{686B00D1-E2E8-4724-BE84-DF3515BFF395}.Debug|x86.Build.0 = Debug|Win32
		{686B00D1-E2E8-4724-BE84-DF3515BFF395}.Release|x64.ActiveCfg = Release|x64
		{686B00D1-E2E8-4724-BE84-DF3515BFF395}.Release|x64.Build.0 = Release|x64
		{686B00D1-E2E8-4724-BE84-DF3515BFF395}.Release|x86.ActiveCfg = Release|Win32
		{686B00D1-E2E8-4724-BE84-DF3515BFF395}.Release|x86.Build.0 = Release|Win32
		{C7C03129-37DC-4102-AD53-5C3344B0036D}.Debug|x64.ActiveCfg = Debug|x64
		{C7C03129-37DC-4102-AD53-5C3344B0036D}.Debug|x64.Build.0 = Debug|x64
		{C7C03129-37DC-4102-AD53-5C3344B0036D}.Debug|x86.ActiveCfg = Debug|Win32
		{C7C03129-37DC-4102-AD53-5C3344B0036D}.Debug|x86.Build.0 = Debug|Win32
		{C7C03129-37DC-4102-AD53-5C3344B0036D}.Release|x64.ActiveCfg = Release|x64
		{C7C03129-37DC-4102-AD53-5C3344B0036D}.Release|x64.Build.0 = Release|x64
		{C7C03129-37DC-4102-AD53-5C3344B0036D}.Release|x86.ActiveCfg = Release|Win32
		{C7C03129-37DC-4102-AD53-5C3344B0036D}.Release|x86.Build.0 = Release|Win32
		{2A7385B9-DC8F-4D92-8019-B4F95A465371}.Debug|x64.ActiveCfg = Debug|x64
		{2A7385B9-DC8F-4D92-8019-B4F95A465371}.Debug|x64.Build.0 = Debug|x64
		{2A7385B9-DC8F-4D92-8019-B4F95A465371}.Debug|x86.ActiveCfg = Debug|Win32
		{2A7385B9-DC8F-4D92-8019-B4F95A465371}.Debug|x86.Build.0 = Debug|Win32
		{2A7385B9-DC8F-4D92-8019-B4F95A465371}.Release|x64.ActiveCfg = Release|x64
		{2A7385B9-DC8F-4D92-8019-B4F95A465371}.Release|x64.Build.0 = Release|x64
		{2A7385B9-DC8F-4D92-8019-B4F95A465371}.Release|x86.ActiveCfg = Release|Win32
		{2A7385B9-DC8F-4D92-8019-B4F95A465371}.Release|x86.Build.0 = Release|Win32
		{65447515-0057-48AF-AF24-8CD3307BA82F}.Debug|x64.ActiveCfg = Debug|x64
		{65447515-0057-48AF-AF24-8CD3307BA82F}.Debug|x64.Build.0 = Debug|x64
		{65447515-0057-48AF-AF24-8CD3307BA82F}.Debug|x86.ActiveCfg = Debug|Win32
		{65447515-0057-48AF-AF24-8CD3307BA82F}.Debug|x86.Build.0 = Debug|Win32
		{65447515-0057-48AF-AF24-8CD3307BA82F}.Release|x64.ActiveCfg = Release|x64
		{65447515-0057-48AF-AF24-8CD3307BA82F}.Release|x64.Build.0 = Release|x64
		{65447515-0057-48AF-AF24-8CD3307BA82F}.Release|x86.ActiveCfg = Release|Win32
		{65447515-0057-48AF-AF24-8CD3307BA82F}.Release|x86.Build.0 = Release|Win32
		{6A1D872D-41AA-47D8-97C6-3D4F5B8974FA}.Debug|x64.ActiveCfg = Debug|x64
		{6A1D872D-41AA-47D8-97C6-3D4F5B8974FA}.Debug|x64.Build.0 = Debug|x64
		{6A1D872D-41AA-47D8-97C6-3D4F5B8974FA}.Debug|x86.ActiveCfg = Debug|Win32
		{6A1D872D-41AA-47D8-97C6-3D4F5B8974FA}.Debug|x86.Build.0 = Debug|Win32
		{6A1D872D-41AA-47D8-97C6-3D4F5B8974FA}.Release|x64.ActiveCfg = Release|x64
		{6A1D872D-41AA-47D8-97C6-3D4F5B8974FA}.Release|x64.Build.0 = Release|x64
		{6A1D872D-41AA-47D8-97C6-3D4F5B8974FA}.Release|x86.ActiveCfg = Release|Win32
		{6A1D872D-41AA-47D8-97C6-3D4F5B8974FA}.Release|x86.Build.0 = Release|Win32
		{8DA49238-4747-458B-B294-058D4FDAD6D9}.Debug|x64.ActiveCfg = Debug|x64
		{8DA49238-4747-458B-B294-058D4FDAD6D9}.Debug|x64.Build.0 = Debug|x64
		{8DA49238-4747-458B-B294-058D4FDAD6D9}.Debug|x86.ActiveCfg = Debug|Win32
		{8DA49238-4747-458B-B294-058D4FDAD6D9}.Debug|x86.Build.0 = Debug|Win32
		{8DA49238-4747-458B-B294-058D4FDAD6D9}.Release|x64.ActiveCfg = Release|x64
		{8DA49238-4747-458B-B294-058D4FDAD6D9}.Release|x64.Build.0 = Release|x64
		{8DA49238-4747-458B-B294-058D4FDAD6D9}.Release|x86.ActiveCfg = Release|Win32
		{8DA49238-4747-458B-B294-058D4FDAD6D9}.Release|x86.Build.0 = Release|Win32
		{5977903D-8548-49D0-B76E-28CF031F6E97}.Debug|x64.ActiveCfg = Debug|x64
		{5977903D-8548-49D0-B76E-28CF031F6E97}.Debug|x64.Build.0 = Debug|x64
		{5977903D-8548-49D0-B76E-28CF031F6E97}.Debug|x86.ActiveCfg = Debug|Win32
		{5977903D-8548-49D0-B76E-28CF031F6E97}.Debug|x86.Build.0 = Debug|Win32
		{5977903D-8548-49D0-B76E-28CF031F6E97}.Release|x64.ActiveCfg = Release|x64
		{5977903D-8548-49D0-B76E-28CF031F6E97}.Release|x64.Build.0 = Release|x64
		{5977903D-8548-49D0-B76E-28CF031F6E97}.Release|x86.ActiveCfg = Release|Win32
		{5977903D-8548-49D0-B76E-28CF031F6E97}.Release|x86.Build.0 = Release|Win32
		{89E2ADE4-B81F-45A0-A3DD-586D6A515551}.Debug|x64.ActiveCfg = Debug|x64
		{89E2ADE4-B81F-45A0-A3DD-586D6A515551}.Debug|x64.Build.0 = Debug|x64
		{89E2ADE4-B81F-45A0-A3DD-586D6A515551}.Debug|x86.ActiveCfg = Debug|Win32
		{89E2ADE4-B81F-45A0-A3DD-586D6A515551}.Debug|x86.Build.0 = Debug|Win32
		{89E2ADE4-B81F-45A0-A3DD-586D6A515551}.Release|x64.ActiveCfg = Release|x64
		{89E2ADE4-B81F-45A0-A3DD-586D6A515551}.Release|x64.Build.0 = Release|x64
		{89E2ADE4-B81F-45A0-A3DD-586D6A515551}.Release|x86.ActiveCfg = Release|Win32
		{89E2ADE4-B81F-45A0-A3DD-586D6A515551}.Release|x86.Build.0 = Release|Win32
		{B2421166-7A23-4720-A4DC-8C75B2FDCA05}.Debug|x64.ActiveCfg = Debug|x64
		{B2421166-7A23-4720-A4DC-8C75B2FDCA05}.Debug|x64.Build.0 = Debug|x64
		{B2421166-7A23-4720-A4DC-8C75B2FDCA05}.Debug|x86.ActiveCfg = Debug|Win32
		{B2421166-7A23-4720-A4DC-8C75B2FDCA05}.Debug|x86.Build.0 = Debug|Win32
		{B2421166-7A23-4720-A4DC-8C75B2FDCA05}.Release|x64.ActiveCfg = Release|x64
		{B2421166-7A23-4720-A4DC-8C75B2FDCA05}.Release|x64.Build.0 = Release|x64
		{B2421166-7A23-4720-A4DC-8C75B2FDCA05}.Release|x86.ActiveCfg = Release|Win32
		{B2421166-7A23-4720-A4DC-8C75B2FDCA05}.Release|x86.Build.0 = Release|Win32
	EndGlobalSection
	GlobalSection(SolutionProperties) = preSolution
		HideSolutionNode = FALSE
	EndGlobalSection
	GlobalSection(ExtensibilityGlobals) = postSolution
		SolutionGuid = {2FA69615-3078-492D-8403-515FC17ECDAC}
	EndGlobalSection
EndGlobal
